// !$*UTF8*$!
{
	archiveVersion = 1;
	classes = {
	};
	objectVersion = 50;
	objects = {

/* Begin PBXBuildFile section */
		5B9453E8EE75841EACC6F1EF /* Pods_DireWalkTests.framework in Frameworks */ = {isa = PBXBuildFile; fileRef = 4FFCE3EF6E7FFE8BF2A5063E /* Pods_DireWalkTests.framework */; };
		85DDE4D764C1FAEBCB55C2E8 /* Pods_DireWalkUITests.framework in Frameworks */ = {isa = PBXBuildFile; fileRef = 66ABC43BEDC52AE058FA4BF1 /* Pods_DireWalkUITests.framework */; };
		8A7575ED4287F9EDBC493045 /* Pods_DireWalk.framework in Frameworks */ = {isa = PBXBuildFile; fileRef = 48008B15EC0AC67676027950 /* Pods_DireWalk.framework */; };
		E631DF492232BDAE00CC1A03 /* Localizable.strings in Resources */ = {isa = PBXBuildFile; fileRef = E631DF4B2232BDAE00CC1A03 /* Localizable.strings */; };
		E631DF4F2232C20800CC1A03 /* InfoPlist.strings in Resources */ = {isa = PBXBuildFile; fileRef = E631DF512232C20800CC1A03 /* InfoPlist.strings */; };
		E6358E16222D7E660084E9CB /* Setting.storyboard in Resources */ = {isa = PBXBuildFile; fileRef = E6358E15222D7E660084E9CB /* Setting.storyboard */; };
		E6358E18222D7E850084E9CB /* SettingsViewController.swift in Sources */ = {isa = PBXBuildFile; fileRef = E6358E17222D7E850084E9CB /* SettingsViewController.swift */; };
		E67C3A0322261C1400551AC6 /* Activity.storyboard in Resources */ = {isa = PBXBuildFile; fileRef = E67C3A0222261C1400551AC6 /* Activity.storyboard */; };
		E67C3A0522261C2200551AC6 /* Direction.storyboard in Resources */ = {isa = PBXBuildFile; fileRef = E67C3A0422261C2200551AC6 /* Direction.storyboard */; };
		E67C3A0722261C3800551AC6 /* Map.storyboard in Resources */ = {isa = PBXBuildFile; fileRef = E67C3A0622261C3800551AC6 /* Map.storyboard */; };
		E67C3A0922263DB600551AC6 /* DirectionViewController.swift in Sources */ = {isa = PBXBuildFile; fileRef = E67C3A0822263DB600551AC6 /* DirectionViewController.swift */; };
		E67C3A0D2226428A00551AC6 /* ActivityViewController.swift in Sources */ = {isa = PBXBuildFile; fileRef = E67C3A0C2226428A00551AC6 /* ActivityViewController.swift */; };
		E67C3A0F2226429300551AC6 /* MapViewController.swift in Sources */ = {isa = PBXBuildFile; fileRef = E67C3A0E2226429300551AC6 /* MapViewController.swift */; };
		E67C3A11222643B200551AC6 /* ActivityCollectionViewCell.swift in Sources */ = {isa = PBXBuildFile; fileRef = E67C3A10222643B200551AC6 /* ActivityCollectionViewCell.swift */; };
		E67C3A1322267E0C00551AC6 /* CellData.swift in Sources */ = {isa = PBXBuildFile; fileRef = E67C3A1222267E0C00551AC6 /* CellData.swift */; };
		E67C3A1E2226AB7100551AC6 /* HealthKit.framework in Frameworks */ = {isa = PBXBuildFile; fileRef = E67C3A1D2226AB7100551AC6 /* HealthKit.framework */; };
		E67C3A2122291FEE00551AC6 /* Strings.swift in Sources */ = {isa = PBXBuildFile; fileRef = E67C3A2022291FED00551AC6 /* Strings.swift */; };
		E6A8097922354E2D0086E146 /* RequestLocation.storyboard in Resources */ = {isa = PBXBuildFile; fileRef = E6A8097822354E2D0086E146 /* RequestLocation.storyboard */; };
		E6A8097D22354E600086E146 /* RequestLocationViewController.swift in Sources */ = {isa = PBXBuildFile; fileRef = E6A8097C22354E600086E146 /* RequestLocationViewController.swift */; };
		E6A809802235B9900086E146 /* TableViewCells.swift in Sources */ = {isa = PBXBuildFile; fileRef = E6A8097F2235B9900086E146 /* TableViewCells.swift */; };
		E6B52DF2223BEE9C00335451 /* GoogleService-Info.plist in Resources */ = {isa = PBXBuildFile; fileRef = E6B52DF1223BEE9B00335451 /* GoogleService-Info.plist */; };
		E6C437C7222386F800542844 /* AppDelegate.swift in Sources */ = {isa = PBXBuildFile; fileRef = E6C437C6222386F800542844 /* AppDelegate.swift */; };
		E6C437C9222386F800542844 /* ViewController.swift in Sources */ = {isa = PBXBuildFile; fileRef = E6C437C8222386F800542844 /* ViewController.swift */; };
		E6C437CC222386F800542844 /* Main.storyboard in Resources */ = {isa = PBXBuildFile; fileRef = E6C437CA222386F800542844 /* Main.storyboard */; };
		E6C437CE222386F900542844 /* Assets.xcassets in Resources */ = {isa = PBXBuildFile; fileRef = E6C437CD222386F900542844 /* Assets.xcassets */; };
		E6C437D1222386F900542844 /* LaunchScreen.storyboard in Resources */ = {isa = PBXBuildFile; fileRef = E6C437CF222386F900542844 /* LaunchScreen.storyboard */; };
		E6C437DC222386FA00542844 /* DireWalkTests.swift in Sources */ = {isa = PBXBuildFile; fileRef = E6C437DB222386FA00542844 /* DireWalkTests.swift */; };
		E6C437E7222386FA00542844 /* DireWalkUITests.swift in Sources */ = {isa = PBXBuildFile; fileRef = E6C437E6222386FA00542844 /* DireWalkUITests.swift */; };
/* End PBXBuildFile section */

/* Begin PBXContainerItemProxy section */
		E6C437D8222386FA00542844 /* PBXContainerItemProxy */ = {
			isa = PBXContainerItemProxy;
			containerPortal = E6C437BB222386F800542844 /* Project object */;
			proxyType = 1;
			remoteGlobalIDString = E6C437C2222386F800542844;
			remoteInfo = DireWalk;
		};
		E6C437E3222386FA00542844 /* PBXContainerItemProxy */ = {
			isa = PBXContainerItemProxy;
			containerPortal = E6C437BB222386F800542844 /* Project object */;
			proxyType = 1;
			remoteGlobalIDString = E6C437C2222386F800542844;
			remoteInfo = DireWalk;
		};
/* End PBXContainerItemProxy section */

/* Begin PBXFileReference section */
		11900438587AFCB618FB10AC /* Pods-DireWalk.debug.xcconfig */ = {isa = PBXFileReference; includeInIndex = 1; lastKnownFileType = text.xcconfig; name = "Pods-DireWalk.debug.xcconfig"; path = "Target Support Files/Pods-DireWalk/Pods-DireWalk.debug.xcconfig"; sourceTree = "<group>"; };
		1FE94CE3DA4BE688A5312CD3 /* Pods-DireWalkTests.debug.xcconfig */ = {isa = PBXFileReference; includeInIndex = 1; lastKnownFileType = text.xcconfig; name = "Pods-DireWalkTests.debug.xcconfig"; path = "Target Support Files/Pods-DireWalkTests/Pods-DireWalkTests.debug.xcconfig"; sourceTree = "<group>"; };
		48008B15EC0AC67676027950 /* Pods_DireWalk.framework */ = {isa = PBXFileReference; explicitFileType = wrapper.framework; includeInIndex = 0; path = Pods_DireWalk.framework; sourceTree = BUILT_PRODUCTS_DIR; };
		4FFCE3EF6E7FFE8BF2A5063E /* Pods_DireWalkTests.framework */ = {isa = PBXFileReference; explicitFileType = wrapper.framework; includeInIndex = 0; path = Pods_DireWalkTests.framework; sourceTree = BUILT_PRODUCTS_DIR; };
		66ABC43BEDC52AE058FA4BF1 /* Pods_DireWalkUITests.framework */ = {isa = PBXFileReference; explicitFileType = wrapper.framework; includeInIndex = 0; path = Pods_DireWalkUITests.framework; sourceTree = BUILT_PRODUCTS_DIR; };
		7372F7D2370C50844CB32966 /* Pods-DireWalkUITests.release.xcconfig */ = {isa = PBXFileReference; includeInIndex = 1; lastKnownFileType = text.xcconfig; name = "Pods-DireWalkUITests.release.xcconfig"; path = "Target Support Files/Pods-DireWalkUITests/Pods-DireWalkUITests.release.xcconfig"; sourceTree = "<group>"; };
		9C25B50BC868A003B4F96F1E /* Pods-DireWalkTests.release.xcconfig */ = {isa = PBXFileReference; includeInIndex = 1; lastKnownFileType = text.xcconfig; name = "Pods-DireWalkTests.release.xcconfig"; path = "Target Support Files/Pods-DireWalkTests/Pods-DireWalkTests.release.xcconfig"; sourceTree = "<group>"; };
		B70BF1FEBCD467FDAD7CAEE8 /* Pods-DireWalk.release.xcconfig */ = {isa = PBXFileReference; includeInIndex = 1; lastKnownFileType = text.xcconfig; name = "Pods-DireWalk.release.xcconfig"; path = "Target Support Files/Pods-DireWalk/Pods-DireWalk.release.xcconfig"; sourceTree = "<group>"; };
		E62F7574A2A73FEA89837089 /* Pods-DireWalkUITests.debug.xcconfig */ = {isa = PBXFileReference; includeInIndex = 1; lastKnownFileType = text.xcconfig; name = "Pods-DireWalkUITests.debug.xcconfig"; path = "Target Support Files/Pods-DireWalkUITests/Pods-DireWalkUITests.debug.xcconfig"; sourceTree = "<group>"; };
		E631DF4A2232BDAE00CC1A03 /* en */ = {isa = PBXFileReference; lastKnownFileType = text.plist.strings; name = en; path = en.lproj/Localizable.strings; sourceTree = "<group>"; };
		E631DF4C2232BDDB00CC1A03 /* ja */ = {isa = PBXFileReference; lastKnownFileType = text.plist.strings; name = ja; path = ja.lproj/Localizable.strings; sourceTree = "<group>"; };
		E631DF502232C20800CC1A03 /* ja */ = {isa = PBXFileReference; lastKnownFileType = text.plist.strings; name = ja; path = ja.lproj/InfoPlist.strings; sourceTree = "<group>"; };
		E6358E15222D7E660084E9CB /* Setting.storyboard */ = {isa = PBXFileReference; lastKnownFileType = file.storyboard; path = Setting.storyboard; sourceTree = "<group>"; };
		E6358E17222D7E850084E9CB /* SettingsViewController.swift */ = {isa = PBXFileReference; lastKnownFileType = sourcecode.swift; path = SettingsViewController.swift; sourceTree = "<group>"; };
		E67C3A0222261C1400551AC6 /* Activity.storyboard */ = {isa = PBXFileReference; lastKnownFileType = file.storyboard; path = Activity.storyboard; sourceTree = "<group>"; };
		E67C3A0422261C2200551AC6 /* Direction.storyboard */ = {isa = PBXFileReference; lastKnownFileType = file.storyboard; path = Direction.storyboard; sourceTree = "<group>"; };
		E67C3A0622261C3800551AC6 /* Map.storyboard */ = {isa = PBXFileReference; lastKnownFileType = file.storyboard; path = Map.storyboard; sourceTree = "<group>"; };
		E67C3A0822263DB600551AC6 /* DirectionViewController.swift */ = {isa = PBXFileReference; lastKnownFileType = sourcecode.swift; path = DirectionViewController.swift; sourceTree = "<group>"; };
		E67C3A0C2226428A00551AC6 /* ActivityViewController.swift */ = {isa = PBXFileReference; lastKnownFileType = sourcecode.swift; path = ActivityViewController.swift; sourceTree = "<group>"; };
		E67C3A0E2226429300551AC6 /* MapViewController.swift */ = {isa = PBXFileReference; lastKnownFileType = sourcecode.swift; path = MapViewController.swift; sourceTree = "<group>"; };
		E67C3A10222643B200551AC6 /* ActivityCollectionViewCell.swift */ = {isa = PBXFileReference; lastKnownFileType = sourcecode.swift; path = ActivityCollectionViewCell.swift; sourceTree = "<group>"; };
		E67C3A1222267E0C00551AC6 /* CellData.swift */ = {isa = PBXFileReference; lastKnownFileType = sourcecode.swift; path = CellData.swift; sourceTree = "<group>"; };
		E67C3A1D2226AB7100551AC6 /* HealthKit.framework */ = {isa = PBXFileReference; lastKnownFileType = wrapper.framework; name = HealthKit.framework; path = System/Library/Frameworks/HealthKit.framework; sourceTree = SDKROOT; };
		E67C3A1F2226AC4200551AC6 /* DireWalk.entitlements */ = {isa = PBXFileReference; lastKnownFileType = text.plist.entitlements; path = DireWalk.entitlements; sourceTree = "<group>"; };
		E67C3A2022291FED00551AC6 /* Strings.swift */ = {isa = PBXFileReference; lastKnownFileType = sourcecode.swift; path = Strings.swift; sourceTree = "<group>"; };
		E6A8097822354E2D0086E146 /* RequestLocation.storyboard */ = {isa = PBXFileReference; lastKnownFileType = file.storyboard; path = RequestLocation.storyboard; sourceTree = "<group>"; };
		E6A8097C22354E600086E146 /* RequestLocationViewController.swift */ = {isa = PBXFileReference; lastKnownFileType = sourcecode.swift; path = RequestLocationViewController.swift; sourceTree = "<group>"; };
		E6A8097F2235B9900086E146 /* TableViewCells.swift */ = {isa = PBXFileReference; lastKnownFileType = sourcecode.swift; path = TableViewCells.swift; sourceTree = "<group>"; };
		E6B52DF1223BEE9B00335451 /* GoogleService-Info.plist */ = {isa = PBXFileReference; fileEncoding = 4; lastKnownFileType = text.plist.xml; path = "GoogleService-Info.plist"; sourceTree = "<group>"; };
		E6C437C3222386F800542844 /* DireWalk.app */ = {isa = PBXFileReference; explicitFileType = wrapper.application; includeInIndex = 0; path = DireWalk.app; sourceTree = BUILT_PRODUCTS_DIR; };
		E6C437C6222386F800542844 /* AppDelegate.swift */ = {isa = PBXFileReference; lastKnownFileType = sourcecode.swift; path = AppDelegate.swift; sourceTree = "<group>"; };
		E6C437C8222386F800542844 /* ViewController.swift */ = {isa = PBXFileReference; lastKnownFileType = sourcecode.swift; path = ViewController.swift; sourceTree = "<group>"; };
		E6C437CB222386F800542844 /* Base */ = {isa = PBXFileReference; lastKnownFileType = file.storyboard; name = Base; path = Base.lproj/Main.storyboard; sourceTree = "<group>"; };
		E6C437CD222386F900542844 /* Assets.xcassets */ = {isa = PBXFileReference; lastKnownFileType = folder.assetcatalog; path = Assets.xcassets; sourceTree = "<group>"; };
		E6C437D0222386F900542844 /* Base */ = {isa = PBXFileReference; lastKnownFileType = file.storyboard; name = Base; path = Base.lproj/LaunchScreen.storyboard; sourceTree = "<group>"; };
		E6C437D2222386F900542844 /* Info.plist */ = {isa = PBXFileReference; lastKnownFileType = text.plist.xml; path = Info.plist; sourceTree = "<group>"; };
		E6C437D7222386FA00542844 /* DireWalkTests.xctest */ = {isa = PBXFileReference; explicitFileType = wrapper.cfbundle; includeInIndex = 0; path = DireWalkTests.xctest; sourceTree = BUILT_PRODUCTS_DIR; };
		E6C437DB222386FA00542844 /* DireWalkTests.swift */ = {isa = PBXFileReference; lastKnownFileType = sourcecode.swift; path = DireWalkTests.swift; sourceTree = "<group>"; };
		E6C437DD222386FA00542844 /* Info.plist */ = {isa = PBXFileReference; lastKnownFileType = text.plist.xml; path = Info.plist; sourceTree = "<group>"; };
		E6C437E2222386FA00542844 /* DireWalkUITests.xctest */ = {isa = PBXFileReference; explicitFileType = wrapper.cfbundle; includeInIndex = 0; path = DireWalkUITests.xctest; sourceTree = BUILT_PRODUCTS_DIR; };
		E6C437E6222386FA00542844 /* DireWalkUITests.swift */ = {isa = PBXFileReference; lastKnownFileType = sourcecode.swift; path = DireWalkUITests.swift; sourceTree = "<group>"; };
		E6C437E8222386FA00542844 /* Info.plist */ = {isa = PBXFileReference; lastKnownFileType = text.plist.xml; path = Info.plist; sourceTree = "<group>"; };
/* End PBXFileReference section */

/* Begin PBXFrameworksBuildPhase section */
		E6C437C0222386F800542844 /* Frameworks */ = {
			isa = PBXFrameworksBuildPhase;
			buildActionMask = 2147483647;
			files = (
				E67C3A1E2226AB7100551AC6 /* HealthKit.framework in Frameworks */,
				8A7575ED4287F9EDBC493045 /* Pods_DireWalk.framework in Frameworks */,
			);
			runOnlyForDeploymentPostprocessing = 0;
		};
		E6C437D4222386FA00542844 /* Frameworks */ = {
			isa = PBXFrameworksBuildPhase;
			buildActionMask = 2147483647;
			files = (
				5B9453E8EE75841EACC6F1EF /* Pods_DireWalkTests.framework in Frameworks */,
			);
			runOnlyForDeploymentPostprocessing = 0;
		};
		E6C437DF222386FA00542844 /* Frameworks */ = {
			isa = PBXFrameworksBuildPhase;
			buildActionMask = 2147483647;
			files = (
				85DDE4D764C1FAEBCB55C2E8 /* Pods_DireWalkUITests.framework in Frameworks */,
			);
			runOnlyForDeploymentPostprocessing = 0;
		};
/* End PBXFrameworksBuildPhase section */

/* Begin PBXGroup section */
		CE2A30B13E534BEAACFAE82C /* Pods */ = {
			isa = PBXGroup;
			children = (
				11900438587AFCB618FB10AC /* Pods-DireWalk.debug.xcconfig */,
				B70BF1FEBCD467FDAD7CAEE8 /* Pods-DireWalk.release.xcconfig */,
				1FE94CE3DA4BE688A5312CD3 /* Pods-DireWalkTests.debug.xcconfig */,
				9C25B50BC868A003B4F96F1E /* Pods-DireWalkTests.release.xcconfig */,
				E62F7574A2A73FEA89837089 /* Pods-DireWalkUITests.debug.xcconfig */,
				7372F7D2370C50844CB32966 /* Pods-DireWalkUITests.release.xcconfig */,
			);
			path = Pods;
			sourceTree = "<group>";
		};
		E6358E14222D7E480084E9CB /* Settings */ = {
			isa = PBXGroup;
			children = (
				E6358E15222D7E660084E9CB /* Setting.storyboard */,
				E6358E17222D7E850084E9CB /* SettingsViewController.swift */,
				E6A8097F2235B9900086E146 /* TableViewCells.swift */,
			);
			path = Settings;
			sourceTree = "<group>";
		};
		E67C39FF22261B9500551AC6 /* DirectionView */ = {
			isa = PBXGroup;
			children = (
				E67C3A0422261C2200551AC6 /* Direction.storyboard */,
				E67C3A0822263DB600551AC6 /* DirectionViewController.swift */,
			);
			path = DirectionView;
			sourceTree = "<group>";
		};
		E67C3A0022261BCD00551AC6 /* ActivityView */ = {
			isa = PBXGroup;
			children = (
				E67C3A0222261C1400551AC6 /* Activity.storyboard */,
				E67C3A0C2226428A00551AC6 /* ActivityViewController.swift */,
				E67C3A10222643B200551AC6 /* ActivityCollectionViewCell.swift */,
				E67C3A1222267E0C00551AC6 /* CellData.swift */,
			);
			path = ActivityView;
			sourceTree = "<group>";
		};
		E67C3A0122261BDC00551AC6 /* MapView */ = {
			isa = PBXGroup;
			children = (
				E67C3A0622261C3800551AC6 /* Map.storyboard */,
				E67C3A0E2226429300551AC6 /* MapViewController.swift */,
			);
			path = MapView;
			sourceTree = "<group>";
		};
		E67C3A15222698E600551AC6 /* Frameworks */ = {
			isa = PBXGroup;
			children = (
				E67C3A1D2226AB7100551AC6 /* HealthKit.framework */,
				48008B15EC0AC67676027950 /* Pods_DireWalk.framework */,
				4FFCE3EF6E7FFE8BF2A5063E /* Pods_DireWalkTests.framework */,
				66ABC43BEDC52AE058FA4BF1 /* Pods_DireWalkUITests.framework */,
			);
			name = Frameworks;
			sourceTree = "<group>";
		};
		E6A8097A22354E350086E146 /* RequestLocation */ = {
			isa = PBXGroup;
			children = (
				E6A8097822354E2D0086E146 /* RequestLocation.storyboard */,
				E6A8097C22354E600086E146 /* RequestLocationViewController.swift */,
			);
			path = RequestLocation;
			sourceTree = "<group>";
		};
		E6C437BA222386F800542844 = {
			isa = PBXGroup;
			children = (
				E6C437C5222386F800542844 /* DireWalk */,
				E6C437DA222386FA00542844 /* DireWalkTests */,
				E6C437E5222386FA00542844 /* DireWalkUITests */,
				E6C437C4222386F800542844 /* Products */,
				E67C3A15222698E600551AC6 /* Frameworks */,
				CE2A30B13E534BEAACFAE82C /* Pods */,
			);
			sourceTree = "<group>";
		};
		E6C437C4222386F800542844 /* Products */ = {
			isa = PBXGroup;
			children = (
				E6C437C3222386F800542844 /* DireWalk.app */,
				E6C437D7222386FA00542844 /* DireWalkTests.xctest */,
				E6C437E2222386FA00542844 /* DireWalkUITests.xctest */,
			);
			name = Products;
			sourceTree = "<group>";
		};
		E6C437C5222386F800542844 /* DireWalk */ = {
			isa = PBXGroup;
			children = (
				E67C3A1F2226AC4200551AC6 /* DireWalk.entitlements */,
				E6C437C6222386F800542844 /* AppDelegate.swift */,
				E6C437CA222386F800542844 /* Main.storyboard */,
				E6C437C8222386F800542844 /* ViewController.swift */,
				E67C3A2022291FED00551AC6 /* Strings.swift */,
				E67C39FF22261B9500551AC6 /* DirectionView */,
				E67C3A0122261BDC00551AC6 /* MapView */,
				E67C3A0022261BCD00551AC6 /* ActivityView */,
				E6358E14222D7E480084E9CB /* Settings */,
				E6A8097A22354E350086E146 /* RequestLocation */,
				E6C437CD222386F900542844 /* Assets.xcassets */,
				E6C437CF222386F900542844 /* LaunchScreen.storyboard */,
				E6C437D2222386F900542844 /* Info.plist */,
				E631DF512232C20800CC1A03 /* InfoPlist.strings */,
				E6B52DF1223BEE9B00335451 /* GoogleService-Info.plist */,
				E631DF4B2232BDAE00CC1A03 /* Localizable.strings */,
			);
			path = DireWalk;
			sourceTree = "<group>";
		};
		E6C437DA222386FA00542844 /* DireWalkTests */ = {
			isa = PBXGroup;
			children = (
				E6C437DB222386FA00542844 /* DireWalkTests.swift */,
				E6C437DD222386FA00542844 /* Info.plist */,
			);
			path = DireWalkTests;
			sourceTree = "<group>";
		};
		E6C437E5222386FA00542844 /* DireWalkUITests */ = {
			isa = PBXGroup;
			children = (
				E6C437E6222386FA00542844 /* DireWalkUITests.swift */,
				E6C437E8222386FA00542844 /* Info.plist */,
			);
			path = DireWalkUITests;
			sourceTree = "<group>";
		};
/* End PBXGroup section */

/* Begin PBXNativeTarget section */
		E6C437C2222386F800542844 /* DireWalk */ = {
			isa = PBXNativeTarget;
			buildConfigurationList = E6C437EB222386FA00542844 /* Build configuration list for PBXNativeTarget "DireWalk" */;
			buildPhases = (
				78EED443E8615E9A119199FC /* [CP] Check Pods Manifest.lock */,
				E6C437BF222386F800542844 /* Sources */,
				E6C437C0222386F800542844 /* Frameworks */,
				E6C437C1222386F800542844 /* Resources */,
				63C8A41218FD2C4908D0702B /* [CP] Embed Pods Frameworks */,
			);
			buildRules = (
			);
			dependencies = (
			);
			name = DireWalk;
			productName = DireWalk;
			productReference = E6C437C3222386F800542844 /* DireWalk.app */;
			productType = "com.apple.product-type.application";
		};
		E6C437D6222386FA00542844 /* DireWalkTests */ = {
			isa = PBXNativeTarget;
			buildConfigurationList = E6C437EE222386FA00542844 /* Build configuration list for PBXNativeTarget "DireWalkTests" */;
			buildPhases = (
				7D0993228371AC040920B7B7 /* [CP] Check Pods Manifest.lock */,
				E6C437D3222386FA00542844 /* Sources */,
				E6C437D4222386FA00542844 /* Frameworks */,
				E6C437D5222386FA00542844 /* Resources */,
			);
			buildRules = (
			);
			dependencies = (
				E6C437D9222386FA00542844 /* PBXTargetDependency */,
			);
			name = DireWalkTests;
			productName = DireWalkTests;
			productReference = E6C437D7222386FA00542844 /* DireWalkTests.xctest */;
			productType = "com.apple.product-type.bundle.unit-test";
		};
		E6C437E1222386FA00542844 /* DireWalkUITests */ = {
			isa = PBXNativeTarget;
			buildConfigurationList = E6C437F1222386FA00542844 /* Build configuration list for PBXNativeTarget "DireWalkUITests" */;
			buildPhases = (
				67C8509625820E53D1056BD1 /* [CP] Check Pods Manifest.lock */,
				E6C437DE222386FA00542844 /* Sources */,
				E6C437DF222386FA00542844 /* Frameworks */,
				E6C437E0222386FA00542844 /* Resources */,
			);
			buildRules = (
			);
			dependencies = (
				E6C437E4222386FA00542844 /* PBXTargetDependency */,
			);
			name = DireWalkUITests;
			productName = DireWalkUITests;
			productReference = E6C437E2222386FA00542844 /* DireWalkUITests.xctest */;
			productType = "com.apple.product-type.bundle.ui-testing";
		};
/* End PBXNativeTarget section */

/* Begin PBXProject section */
		E6C437BB222386F800542844 /* Project object */ = {
			isa = PBXProject;
			attributes = {
				LastSwiftUpdateCheck = 1010;
				LastUpgradeCheck = 1010;
				ORGANIZATIONNAME = "麻生昌志";
				TargetAttributes = {
					E6C437C2222386F800542844 = {
						CreatedOnToolsVersion = 10.1;
						SystemCapabilities = {
							com.apple.HealthKit = {
								enabled = 1;
							};
							com.apple.HomeKit = {
								enabled = 0;
							};
							com.apple.Maps.iOS = {
								enabled = 0;
							};
						};
					};
					E6C437D6222386FA00542844 = {
						CreatedOnToolsVersion = 10.1;
						TestTargetID = E6C437C2222386F800542844;
					};
					E6C437E1222386FA00542844 = {
						CreatedOnToolsVersion = 10.1;
						TestTargetID = E6C437C2222386F800542844;
					};
				};
			};
			buildConfigurationList = E6C437BE222386F800542844 /* Build configuration list for PBXProject "DireWalk" */;
			compatibilityVersion = "Xcode 9.3";
			developmentRegion = en;
			hasScannedForEncodings = 0;
			knownRegions = (
				en,
				Base,
				ja,
			);
			mainGroup = E6C437BA222386F800542844;
			productRefGroup = E6C437C4222386F800542844 /* Products */;
			projectDirPath = "";
			projectRoot = "";
			targets = (
				E6C437C2222386F800542844 /* DireWalk */,
				E6C437D6222386FA00542844 /* DireWalkTests */,
				E6C437E1222386FA00542844 /* DireWalkUITests */,
			);
		};
/* End PBXProject section */

/* Begin PBXResourcesBuildPhase section */
		E6C437C1222386F800542844 /* Resources */ = {
			isa = PBXResourcesBuildPhase;
			buildActionMask = 2147483647;
			files = (
				E6C437D1222386F900542844 /* LaunchScreen.storyboard in Resources */,
				E6A8097922354E2D0086E146 /* RequestLocation.storyboard in Resources */,
				E6C437CE222386F900542844 /* Assets.xcassets in Resources */,
				E6358E16222D7E660084E9CB /* Setting.storyboard in Resources */,
				E67C3A0522261C2200551AC6 /* Direction.storyboard in Resources */,
				E6B52DF2223BEE9C00335451 /* GoogleService-Info.plist in Resources */,
				E6C437CC222386F800542844 /* Main.storyboard in Resources */,
				E631DF492232BDAE00CC1A03 /* Localizable.strings in Resources */,
				E67C3A0322261C1400551AC6 /* Activity.storyboard in Resources */,
				E631DF4F2232C20800CC1A03 /* InfoPlist.strings in Resources */,
				E67C3A0722261C3800551AC6 /* Map.storyboard in Resources */,
			);
			runOnlyForDeploymentPostprocessing = 0;
		};
		E6C437D5222386FA00542844 /* Resources */ = {
			isa = PBXResourcesBuildPhase;
			buildActionMask = 2147483647;
			files = (
			);
			runOnlyForDeploymentPostprocessing = 0;
		};
		E6C437E0222386FA00542844 /* Resources */ = {
			isa = PBXResourcesBuildPhase;
			buildActionMask = 2147483647;
			files = (
			);
			runOnlyForDeploymentPostprocessing = 0;
		};
/* End PBXResourcesBuildPhase section */

/* Begin PBXShellScriptBuildPhase section */
		63C8A41218FD2C4908D0702B /* [CP] Embed Pods Frameworks */ = {
			isa = PBXShellScriptBuildPhase;
			buildActionMask = 2147483647;
			files = (
			);
			inputFileListPaths = (
			);
			inputPaths = (
				"${PODS_ROOT}/Target Support Files/Pods-DireWalk/Pods-DireWalk-frameworks.sh",
				"${BUILT_PRODUCTS_DIR}/GoogleUtilities/GoogleUtilities.framework",
				"${BUILT_PRODUCTS_DIR}/nanopb/nanopb.framework",
			);
			name = "[CP] Embed Pods Frameworks";
			outputFileListPaths = (
			);
			outputPaths = (
				"${TARGET_BUILD_DIR}/${FRAMEWORKS_FOLDER_PATH}/GoogleUtilities.framework",
				"${TARGET_BUILD_DIR}/${FRAMEWORKS_FOLDER_PATH}/nanopb.framework",
			);
			runOnlyForDeploymentPostprocessing = 0;
			shellPath = /bin/sh;
			shellScript = "\"${PODS_ROOT}/Target Support Files/Pods-DireWalk/Pods-DireWalk-frameworks.sh\"\n";
			showEnvVarsInLog = 0;
		};
		67C8509625820E53D1056BD1 /* [CP] Check Pods Manifest.lock */ = {
			isa = PBXShellScriptBuildPhase;
			buildActionMask = 2147483647;
			files = (
			);
			inputFileListPaths = (
			);
			inputPaths = (
				"${PODS_PODFILE_DIR_PATH}/Podfile.lock",
				"${PODS_ROOT}/Manifest.lock",
			);
			name = "[CP] Check Pods Manifest.lock";
			outputFileListPaths = (
			);
			outputPaths = (
				"$(DERIVED_FILE_DIR)/Pods-DireWalkUITests-checkManifestLockResult.txt",
			);
			runOnlyForDeploymentPostprocessing = 0;
			shellPath = /bin/sh;
			shellScript = "diff \"${PODS_PODFILE_DIR_PATH}/Podfile.lock\" \"${PODS_ROOT}/Manifest.lock\" > /dev/null\nif [ $? != 0 ] ; then\n    # print error to STDERR\n    echo \"error: The sandbox is not in sync with the Podfile.lock. Run 'pod install' or update your CocoaPods installation.\" >&2\n    exit 1\nfi\n# This output is used by Xcode 'outputs' to avoid re-running this script phase.\necho \"SUCCESS\" > \"${SCRIPT_OUTPUT_FILE_0}\"\n";
			showEnvVarsInLog = 0;
		};
		78EED443E8615E9A119199FC /* [CP] Check Pods Manifest.lock */ = {
			isa = PBXShellScriptBuildPhase;
			buildActionMask = 2147483647;
			files = (
			);
			inputFileListPaths = (
			);
			inputPaths = (
				"${PODS_PODFILE_DIR_PATH}/Podfile.lock",
				"${PODS_ROOT}/Manifest.lock",
			);
			name = "[CP] Check Pods Manifest.lock";
			outputFileListPaths = (
			);
			outputPaths = (
				"$(DERIVED_FILE_DIR)/Pods-DireWalk-checkManifestLockResult.txt",
			);
			runOnlyForDeploymentPostprocessing = 0;
			shellPath = /bin/sh;
			shellScript = "diff \"${PODS_PODFILE_DIR_PATH}/Podfile.lock\" \"${PODS_ROOT}/Manifest.lock\" > /dev/null\nif [ $? != 0 ] ; then\n    # print error to STDERR\n    echo \"error: The sandbox is not in sync with the Podfile.lock. Run 'pod install' or update your CocoaPods installation.\" >&2\n    exit 1\nfi\n# This output is used by Xcode 'outputs' to avoid re-running this script phase.\necho \"SUCCESS\" > \"${SCRIPT_OUTPUT_FILE_0}\"\n";
			showEnvVarsInLog = 0;
		};
		7D0993228371AC040920B7B7 /* [CP] Check Pods Manifest.lock */ = {
			isa = PBXShellScriptBuildPhase;
			buildActionMask = 2147483647;
			files = (
			);
			inputFileListPaths = (
			);
			inputPaths = (
				"${PODS_PODFILE_DIR_PATH}/Podfile.lock",
				"${PODS_ROOT}/Manifest.lock",
			);
			name = "[CP] Check Pods Manifest.lock";
			outputFileListPaths = (
			);
			outputPaths = (
				"$(DERIVED_FILE_DIR)/Pods-DireWalkTests-checkManifestLockResult.txt",
			);
			runOnlyForDeploymentPostprocessing = 0;
			shellPath = /bin/sh;
			shellScript = "diff \"${PODS_PODFILE_DIR_PATH}/Podfile.lock\" \"${PODS_ROOT}/Manifest.lock\" > /dev/null\nif [ $? != 0 ] ; then\n    # print error to STDERR\n    echo \"error: The sandbox is not in sync with the Podfile.lock. Run 'pod install' or update your CocoaPods installation.\" >&2\n    exit 1\nfi\n# This output is used by Xcode 'outputs' to avoid re-running this script phase.\necho \"SUCCESS\" > \"${SCRIPT_OUTPUT_FILE_0}\"\n";
			showEnvVarsInLog = 0;
		};
/* End PBXShellScriptBuildPhase section */

/* Begin PBXSourcesBuildPhase section */
		E6C437BF222386F800542844 /* Sources */ = {
			isa = PBXSourcesBuildPhase;
			buildActionMask = 2147483647;
			files = (
				E67C3A11222643B200551AC6 /* ActivityCollectionViewCell.swift in Sources */,
				E67C3A2122291FEE00551AC6 /* Strings.swift in Sources */,
				E67C3A0F2226429300551AC6 /* MapViewController.swift in Sources */,
				E6A8097D22354E600086E146 /* RequestLocationViewController.swift in Sources */,
				E6A809802235B9900086E146 /* TableViewCells.swift in Sources */,
				E67C3A1322267E0C00551AC6 /* CellData.swift in Sources */,
				E6C437C9222386F800542844 /* ViewController.swift in Sources */,
				E6C437C7222386F800542844 /* AppDelegate.swift in Sources */,
				E67C3A0D2226428A00551AC6 /* ActivityViewController.swift in Sources */,
				E67C3A0922263DB600551AC6 /* DirectionViewController.swift in Sources */,
				E6358E18222D7E850084E9CB /* SettingsViewController.swift in Sources */,
			);
			runOnlyForDeploymentPostprocessing = 0;
		};
		E6C437D3222386FA00542844 /* Sources */ = {
			isa = PBXSourcesBuildPhase;
			buildActionMask = 2147483647;
			files = (
				E6C437DC222386FA00542844 /* DireWalkTests.swift in Sources */,
			);
			runOnlyForDeploymentPostprocessing = 0;
		};
		E6C437DE222386FA00542844 /* Sources */ = {
			isa = PBXSourcesBuildPhase;
			buildActionMask = 2147483647;
			files = (
				E6C437E7222386FA00542844 /* DireWalkUITests.swift in Sources */,
			);
			runOnlyForDeploymentPostprocessing = 0;
		};
/* End PBXSourcesBuildPhase section */

/* Begin PBXTargetDependency section */
		E6C437D9222386FA00542844 /* PBXTargetDependency */ = {
			isa = PBXTargetDependency;
			target = E6C437C2222386F800542844 /* DireWalk */;
			targetProxy = E6C437D8222386FA00542844 /* PBXContainerItemProxy */;
		};
		E6C437E4222386FA00542844 /* PBXTargetDependency */ = {
			isa = PBXTargetDependency;
			target = E6C437C2222386F800542844 /* DireWalk */;
			targetProxy = E6C437E3222386FA00542844 /* PBXContainerItemProxy */;
		};
/* End PBXTargetDependency section */

/* Begin PBXVariantGroup section */
		E631DF4B2232BDAE00CC1A03 /* Localizable.strings */ = {
			isa = PBXVariantGroup;
			children = (
				E631DF4A2232BDAE00CC1A03 /* en */,
				E631DF4C2232BDDB00CC1A03 /* ja */,
			);
			name = Localizable.strings;
			sourceTree = "<group>";
		};
		E631DF512232C20800CC1A03 /* InfoPlist.strings */ = {
			isa = PBXVariantGroup;
			children = (
				E631DF502232C20800CC1A03 /* ja */,
			);
			name = InfoPlist.strings;
			sourceTree = "<group>";
		};
		E6C437CA222386F800542844 /* Main.storyboard */ = {
			isa = PBXVariantGroup;
			children = (
				E6C437CB222386F800542844 /* Base */,
			);
			name = Main.storyboard;
			sourceTree = "<group>";
		};
		E6C437CF222386F900542844 /* LaunchScreen.storyboard */ = {
			isa = PBXVariantGroup;
			children = (
				E6C437D0222386F900542844 /* Base */,
			);
			name = LaunchScreen.storyboard;
			sourceTree = "<group>";
		};
/* End PBXVariantGroup section */

/* Begin XCBuildConfiguration section */
		E6C437E9222386FA00542844 /* Debug */ = {
			isa = XCBuildConfiguration;
			buildSettings = {
				ALWAYS_SEARCH_USER_PATHS = NO;
				CLANG_ANALYZER_LOCALIZABILITY_NONLOCALIZED = YES;
				CLANG_ANALYZER_NONNULL = YES;
				CLANG_ANALYZER_NUMBER_OBJECT_CONVERSION = YES_AGGRESSIVE;
				CLANG_CXX_LANGUAGE_STANDARD = "gnu++14";
				CLANG_CXX_LIBRARY = "libc++";
				CLANG_ENABLE_MODULES = YES;
				CLANG_ENABLE_OBJC_ARC = YES;
				CLANG_ENABLE_OBJC_WEAK = YES;
				CLANG_WARN_BLOCK_CAPTURE_AUTORELEASING = YES;
				CLANG_WARN_BOOL_CONVERSION = YES;
				CLANG_WARN_COMMA = YES;
				CLANG_WARN_CONSTANT_CONVERSION = YES;
				CLANG_WARN_DEPRECATED_OBJC_IMPLEMENTATIONS = YES;
				CLANG_WARN_DIRECT_OBJC_ISA_USAGE = YES_ERROR;
				CLANG_WARN_DOCUMENTATION_COMMENTS = YES;
				CLANG_WARN_EMPTY_BODY = YES;
				CLANG_WARN_ENUM_CONVERSION = YES;
				CLANG_WARN_INFINITE_RECURSION = YES;
				CLANG_WARN_INT_CONVERSION = YES;
				CLANG_WARN_NON_LITERAL_NULL_CONVERSION = YES;
				CLANG_WARN_OBJC_IMPLICIT_RETAIN_SELF = YES;
				CLANG_WARN_OBJC_LITERAL_CONVERSION = YES;
				CLANG_WARN_OBJC_ROOT_CLASS = YES_ERROR;
				CLANG_WARN_RANGE_LOOP_ANALYSIS = YES;
				CLANG_WARN_STRICT_PROTOTYPES = YES;
				CLANG_WARN_SUSPICIOUS_MOVE = YES;
				CLANG_WARN_UNGUARDED_AVAILABILITY = YES_AGGRESSIVE;
				CLANG_WARN_UNREACHABLE_CODE = YES;
				CLANG_WARN__DUPLICATE_METHOD_MATCH = YES;
				CODE_SIGN_IDENTITY = "iPhone Developer";
				COPY_PHASE_STRIP = NO;
				DEBUG_INFORMATION_FORMAT = dwarf;
				ENABLE_STRICT_OBJC_MSGSEND = YES;
				ENABLE_TESTABILITY = YES;
				GCC_C_LANGUAGE_STANDARD = gnu11;
				GCC_DYNAMIC_NO_PIC = NO;
				GCC_NO_COMMON_BLOCKS = YES;
				GCC_OPTIMIZATION_LEVEL = 0;
				GCC_PREPROCESSOR_DEFINITIONS = (
					"DEBUG=1",
					"$(inherited)",
				);
				GCC_WARN_64_TO_32_BIT_CONVERSION = YES;
				GCC_WARN_ABOUT_RETURN_TYPE = YES_ERROR;
				GCC_WARN_UNDECLARED_SELECTOR = YES;
				GCC_WARN_UNINITIALIZED_AUTOS = YES_AGGRESSIVE;
				GCC_WARN_UNUSED_FUNCTION = YES;
				GCC_WARN_UNUSED_VARIABLE = YES;
				IPHONEOS_DEPLOYMENT_TARGET = 12.1;
				MTL_ENABLE_DEBUG_INFO = INCLUDE_SOURCE;
				MTL_FAST_MATH = YES;
				ONLY_ACTIVE_ARCH = YES;
				SDKROOT = iphoneos;
				SWIFT_ACTIVE_COMPILATION_CONDITIONS = DEBUG;
				SWIFT_OPTIMIZATION_LEVEL = "-Onone";
			};
			name = Debug;
		};
		E6C437EA222386FA00542844 /* Release */ = {
			isa = XCBuildConfiguration;
			buildSettings = {
				ALWAYS_SEARCH_USER_PATHS = NO;
				CLANG_ANALYZER_LOCALIZABILITY_NONLOCALIZED = YES;
				CLANG_ANALYZER_NONNULL = YES;
				CLANG_ANALYZER_NUMBER_OBJECT_CONVERSION = YES_AGGRESSIVE;
				CLANG_CXX_LANGUAGE_STANDARD = "gnu++14";
				CLANG_CXX_LIBRARY = "libc++";
				CLANG_ENABLE_MODULES = YES;
				CLANG_ENABLE_OBJC_ARC = YES;
				CLANG_ENABLE_OBJC_WEAK = YES;
				CLANG_WARN_BLOCK_CAPTURE_AUTORELEASING = YES;
				CLANG_WARN_BOOL_CONVERSION = YES;
				CLANG_WARN_COMMA = YES;
				CLANG_WARN_CONSTANT_CONVERSION = YES;
				CLANG_WARN_DEPRECATED_OBJC_IMPLEMENTATIONS = YES;
				CLANG_WARN_DIRECT_OBJC_ISA_USAGE = YES_ERROR;
				CLANG_WARN_DOCUMENTATION_COMMENTS = YES;
				CLANG_WARN_EMPTY_BODY = YES;
				CLANG_WARN_ENUM_CONVERSION = YES;
				CLANG_WARN_INFINITE_RECURSION = YES;
				CLANG_WARN_INT_CONVERSION = YES;
				CLANG_WARN_NON_LITERAL_NULL_CONVERSION = YES;
				CLANG_WARN_OBJC_IMPLICIT_RETAIN_SELF = YES;
				CLANG_WARN_OBJC_LITERAL_CONVERSION = YES;
				CLANG_WARN_OBJC_ROOT_CLASS = YES_ERROR;
				CLANG_WARN_RANGE_LOOP_ANALYSIS = YES;
				CLANG_WARN_STRICT_PROTOTYPES = YES;
				CLANG_WARN_SUSPICIOUS_MOVE = YES;
				CLANG_WARN_UNGUARDED_AVAILABILITY = YES_AGGRESSIVE;
				CLANG_WARN_UNREACHABLE_CODE = YES;
				CLANG_WARN__DUPLICATE_METHOD_MATCH = YES;
				CODE_SIGN_IDENTITY = "iPhone Developer";
				COPY_PHASE_STRIP = NO;
				DEBUG_INFORMATION_FORMAT = "dwarf-with-dsym";
				ENABLE_NS_ASSERTIONS = NO;
				ENABLE_STRICT_OBJC_MSGSEND = YES;
				GCC_C_LANGUAGE_STANDARD = gnu11;
				GCC_NO_COMMON_BLOCKS = YES;
				GCC_WARN_64_TO_32_BIT_CONVERSION = YES;
				GCC_WARN_ABOUT_RETURN_TYPE = YES_ERROR;
				GCC_WARN_UNDECLARED_SELECTOR = YES;
				GCC_WARN_UNINITIALIZED_AUTOS = YES_AGGRESSIVE;
				GCC_WARN_UNUSED_FUNCTION = YES;
				GCC_WARN_UNUSED_VARIABLE = YES;
				IPHONEOS_DEPLOYMENT_TARGET = 12.1;
				MTL_ENABLE_DEBUG_INFO = NO;
				MTL_FAST_MATH = YES;
				SDKROOT = iphoneos;
				SWIFT_COMPILATION_MODE = wholemodule;
				SWIFT_OPTIMIZATION_LEVEL = "-O";
				VALIDATE_PRODUCT = YES;
			};
			name = Release;
		};
		E6C437EC222386FA00542844 /* Debug */ = {
			isa = XCBuildConfiguration;
			baseConfigurationReference = 11900438587AFCB618FB10AC /* Pods-DireWalk.debug.xcconfig */;
			buildSettings = {
				ASSETCATALOG_COMPILER_APPICON_NAME = AppIcon;
				CODE_SIGN_ENTITLEMENTS = DireWalk/DireWalk.entitlements;
				CODE_SIGN_STYLE = Automatic;
				DEVELOPMENT_TEAM = 7947K7LHD3;
				INFOPLIST_FILE = DireWalk/Info.plist;
				LD_RUNPATH_SEARCH_PATHS = (
					"$(inherited)",
					"@executable_path/Frameworks",
				);
				PRODUCT_BUNDLE_IDENTIFIER = "com.masasam-shi.DireWalk";
				PRODUCT_NAME = "$(TARGET_NAME)";
				SWIFT_VERSION = 4.2;
				TARGETED_DEVICE_FAMILY = 1;
			};
			name = Debug;
		};
		E6C437ED222386FA00542844 /* Release */ = {
			isa = XCBuildConfiguration;
			baseConfigurationReference = B70BF1FEBCD467FDAD7CAEE8 /* Pods-DireWalk.release.xcconfig */;
			buildSettings = {
				ASSETCATALOG_COMPILER_APPICON_NAME = AppIcon;
				CODE_SIGN_ENTITLEMENTS = DireWalk/DireWalk.entitlements;
				CODE_SIGN_STYLE = Automatic;
				DEVELOPMENT_TEAM = 7947K7LHD3;
				INFOPLIST_FILE = DireWalk/Info.plist;
				LD_RUNPATH_SEARCH_PATHS = (
					"$(inherited)",
					"@executable_path/Frameworks",
				);
				PRODUCT_BUNDLE_IDENTIFIER = "com.masasam-shi.DireWalk";
				PRODUCT_NAME = "$(TARGET_NAME)";
				SWIFT_VERSION = 4.2;
				TARGETED_DEVICE_FAMILY = 1;
			};
			name = Release;
		};
		E6C437EF222386FA00542844 /* Debug */ = {
			isa = XCBuildConfiguration;
			baseConfigurationReference = 1FE94CE3DA4BE688A5312CD3 /* Pods-DireWalkTests.debug.xcconfig */;
			buildSettings = {
				ALWAYS_EMBED_SWIFT_STANDARD_LIBRARIES = YES;
				BUNDLE_LOADER = "$(TEST_HOST)";
				CODE_SIGN_STYLE = Automatic;
				DEVELOPMENT_TEAM = 7947K7LHD3;
				INFOPLIST_FILE = DireWalkTests/Info.plist;
				LD_RUNPATH_SEARCH_PATHS = (
					"$(inherited)",
					"@executable_path/Frameworks",
					"@loader_path/Frameworks",
				);
				PRODUCT_BUNDLE_IDENTIFIER = com.litech.DireWalkTests;
				PRODUCT_NAME = "$(TARGET_NAME)";
				SWIFT_VERSION = 4.2;
				TARGETED_DEVICE_FAMILY = "1,2";
				TEST_HOST = "$(BUILT_PRODUCTS_DIR)/DireWalk.app/DireWalk";
			};
			name = Debug;
		};
		E6C437F0222386FA00542844 /* Release */ = {
			isa = XCBuildConfiguration;
			baseConfigurationReference = 9C25B50BC868A003B4F96F1E /* Pods-DireWalkTests.release.xcconfig */;
			buildSettings = {
				ALWAYS_EMBED_SWIFT_STANDARD_LIBRARIES = YES;
				BUNDLE_LOADER = "$(TEST_HOST)";
				CODE_SIGN_STYLE = Automatic;
				DEVELOPMENT_TEAM = 7947K7LHD3;
				INFOPLIST_FILE = DireWalkTests/Info.plist;
				LD_RUNPATH_SEARCH_PATHS = (
					"$(inherited)",
					"@executable_path/Frameworks",
					"@loader_path/Frameworks",
				);
				PRODUCT_BUNDLE_IDENTIFIER = com.litech.DireWalkTests;
				PRODUCT_NAME = "$(TARGET_NAME)";
				SWIFT_VERSION = 4.2;
				TARGETED_DEVICE_FAMILY = "1,2";
				TEST_HOST = "$(BUILT_PRODUCTS_DIR)/DireWalk.app/DireWalk";
			};
			name = Release;
		};
		E6C437F2222386FA00542844 /* Debug */ = {
			isa = XCBuildConfiguration;
			baseConfigurationReference = E62F7574A2A73FEA89837089 /* Pods-DireWalkUITests.debug.xcconfig */;
			buildSettings = {
				ALWAYS_EMBED_SWIFT_STANDARD_LIBRARIES = YES;
				CODE_SIGN_STYLE = Automatic;
				DEVELOPMENT_TEAM = 7947K7LHD3;
				INFOPLIST_FILE = DireWalkUITests/Info.plist;
				LD_RUNPATH_SEARCH_PATHS = (
					"$(inherited)",
					"@executable_path/Frameworks",
					"@loader_path/Frameworks",
				);
				PRODUCT_BUNDLE_IDENTIFIER = com.litech.DireWalkUITests;
				PRODUCT_NAME = "$(TARGET_NAME)";
				PROVISIONING_PROFILE = "";
				SWIFT_VERSION = 4.2;
				TARGETED_DEVICE_FAMILY = "1,2";
				TEST_TARGET_NAME = DireWalk;
			};
			name = Debug;
		};
		E6C437F3222386FA00542844 /* Release */ = {
			isa = XCBuildConfiguration;
			baseConfigurationReference = 7372F7D2370C50844CB32966 /* Pods-DireWalkUITests.release.xcconfig */;
			buildSettings = {
				ALWAYS_EMBED_SWIFT_STANDARD_LIBRARIES = YES;
				CODE_SIGN_STYLE = Automatic;
				DEVELOPMENT_TEAM = 7947K7LHD3;
				INFOPLIST_FILE = DireWalkUITests/Info.plist;
				LD_RUNPATH_SEARCH_PATHS = (
					"$(inherited)",
					"@executable_path/Frameworks",
					"@loader_path/Frameworks",
				);
				PRODUCT_BUNDLE_IDENTIFIER = com.litech.DireWalkUITests;
				PRODUCT_NAME = "$(TARGET_NAME)";
				PROVISIONING_PROFILE = "";
				SWIFT_VERSION = 4.2;
				TARGETED_DEVICE_FAMILY = "1,2";
				TEST_TARGET_NAME = DireWalk;
			};
			name = Release;
		};
/* End XCBuildConfiguration section */

/* Begin XCConfigurationList section */
		E6C437BE222386F800542844 /* Build configuration list for PBXProject "DireWalk" */ = {
			isa = XCConfigurationList;
			buildConfigurations = (
				E6C437E9222386FA00542844 /* Debug */,
				E6C437EA222386FA00542844 /* Release */,
			);
			defaultConfigurationIsVisible = 0;
			defaultConfigurationName = Release;
		};
		E6C437EB222386FA00542844 /* Build configuration list for PBXNativeTarget "DireWalk" */ = {
			isa = XCConfigurationList;
			buildConfigurations = (
				E6C437EC222386FA00542844 /* Debug */,
				E6C437ED222386FA00542844 /* Release */,
			);
			defaultConfigurationIsVisible = 0;
			defaultConfigurationName = Release;
		};
		E6C437EE222386FA00542844 /* Build configuration list for PBXNativeTarget "DireWalkTests" */ = {
			isa = XCConfigurationList;
			buildConfigurations = (
				E6C437EF222386FA00542844 /* Debug */,
				E6C437F0222386FA00542844 /* Release */,
			);
			defaultConfigurationIsVisible = 0;
			defaultConfigurationName = Release;
		};
		E6C437F1222386FA00542844 /* Build configuration list for PBXNativeTarget "DireWalkUITests" */ = {
			isa = XCConfigurationList;
			buildConfigurations = (
				E6C437F2222386FA00542844 /* Debug */,
				E6C437F3222386FA00542844 /* Release */,
			);
			defaultConfigurationIsVisible = 0;
			defaultConfigurationName = Release;
		};
/* End XCConfigurationList section */
	};
	rootObject = E6C437BB222386F800542844 /* Project object */;
}
