// !$*UTF8*$!
{
	archiveVersion = 1;
	classes = {
	};
	objectVersion = 51;
	objects = {

/* Begin PBXBuildFile section */
		5B9453E8EE75841EACC6F1EF /* Pods_DireWalkTests.framework in Frameworks */ = {isa = PBXBuildFile; fileRef = 4FFCE3EF6E7FFE8BF2A5063E /* Pods_DireWalkTests.framework */; };
		85DDE4D764C1FAEBCB55C2E8 /* Pods_DireWalkUITests.framework in Frameworks */ = {isa = PBXBuildFile; fileRef = 66ABC43BEDC52AE058FA4BF1 /* Pods_DireWalkUITests.framework */; };
		8A7575ED4287F9EDBC493045 /* Pods_DireWalk.framework in Frameworks */ = {isa = PBXBuildFile; fileRef = 48008B15EC0AC67676027950 /* Pods_DireWalk.framework */; };
		BA259193232E6A4000E9689E /* EditFavorite.storyboard in Resources */ = {isa = PBXBuildFile; fileRef = BA259192232E6A4000E9689E /* EditFavorite.storyboard */; };
		BA259195232E6A7200E9689E /* EditFavoriteViewController.swift in Sources */ = {isa = PBXBuildFile; fileRef = BA259194232E6A7200E9689E /* EditFavoriteViewController.swift */; };
		BA26E8F62320D9CF00A18652 /* SearchTableViewCell.swift in Sources */ = {isa = PBXBuildFile; fileRef = BA26E8F52320D9CF00A18652 /* SearchTableViewCell.swift */; };
		BA26E8F82320D9FB00A18652 /* SearchTableViewCell.xib in Resources */ = {isa = PBXBuildFile; fileRef = BA26E8F72320D9FB00A18652 /* SearchTableViewCell.xib */; };
		BA274525232E80E200E12451 /* ToggleTableViewCell.xib in Resources */ = {isa = PBXBuildFile; fileRef = BA274524232E80E200E12451 /* ToggleTableViewCell.xib */; };
		BA274527232E812800E12451 /* TextTableViewCell.xib in Resources */ = {isa = PBXBuildFile; fileRef = BA274526232E812800E12451 /* TextTableViewCell.xib */; };
		BA27452A232E87FD00E12451 /* ToggleTableViewCell.swift in Sources */ = {isa = PBXBuildFile; fileRef = BA274529232E87FD00E12451 /* ToggleTableViewCell.swift */; };
		BA27452C232E880C00E12451 /* TextTableViewCell.swift in Sources */ = {isa = PBXBuildFile; fileRef = BA27452B232E880C00E12451 /* TextTableViewCell.swift */; };
		BA27452F232E890300E12451 /* TappableTableViewCell.xib in Resources */ = {isa = PBXBuildFile; fileRef = BA27452E232E890300E12451 /* TappableTableViewCell.xib */; };
		BA274531232E891F00E12451 /* TappableTableViewCell.swift in Sources */ = {isa = PBXBuildFile; fileRef = BA274530232E891F00E12451 /* TappableTableViewCell.swift */; };
		BA274533232E897A00E12451 /* DetailTableViewCell.swift in Sources */ = {isa = PBXBuildFile; fileRef = BA274532232E897A00E12451 /* DetailTableViewCell.swift */; };
		BA274535232E89AB00E12451 /* DetailTableViewCell.xib in Resources */ = {isa = PBXBuildFile; fileRef = BA274534232E89AB00E12451 /* DetailTableViewCell.xib */; };
		BA274537232E987100E12451 /* SliderTableViewCell.xib in Resources */ = {isa = PBXBuildFile; fileRef = BA274536232E987100E12451 /* SliderTableViewCell.xib */; };
		BA416233234C52A3006B5E5C /* Interface.storyboard in Resources */ = {isa = PBXBuildFile; fileRef = BA416231234C52A3006B5E5C /* Interface.storyboard */; };
		BA416235234C52A7006B5E5C /* Assets.xcassets in Resources */ = {isa = PBXBuildFile; fileRef = BA416234234C52A7006B5E5C /* Assets.xcassets */; };
		BA41623C234C52A7006B5E5C /* DireWalk for watchOS Extension.appex in Embed App Extensions */ = {isa = PBXBuildFile; fileRef = BA41623B234C52A7006B5E5C /* DireWalk for watchOS Extension.appex */; settings = {ATTRIBUTES = (RemoveHeadersOnCopy, ); }; };
		BA416245234C52A7006B5E5C /* ExtensionDelegate.swift in Sources */ = {isa = PBXBuildFile; fileRef = BA416244234C52A7006B5E5C /* ExtensionDelegate.swift */; };
		BA416247234C52A7006B5E5C /* NotificationController.swift in Sources */ = {isa = PBXBuildFile; fileRef = BA416246234C52A7006B5E5C /* NotificationController.swift */; };
		BA416249234C52A7006B5E5C /* NotificationView.swift in Sources */ = {isa = PBXBuildFile; fileRef = BA416248234C52A7006B5E5C /* NotificationView.swift */; };
		BA41624B234C52A8006B5E5C /* Assets.xcassets in Resources */ = {isa = PBXBuildFile; fileRef = BA41624A234C52A8006B5E5C /* Assets.xcassets */; };
		BA41624E234C52A8006B5E5C /* Preview Assets.xcassets in Resources */ = {isa = PBXBuildFile; fileRef = BA41624D234C52A8006B5E5C /* Preview Assets.xcassets */; };
		BA416253234C52A8006B5E5C /* DireWalk for watchOS.app in Embed Watch Content */ = {isa = PBXBuildFile; fileRef = BA41622F234C52A3006B5E5C /* DireWalk for watchOS.app */; settings = {ATTRIBUTES = (RemoveHeadersOnCopy, ); }; };
		BA4274672312B3CC00CD3796 /* Model.swift in Sources */ = {isa = PBXBuildFile; fileRef = BA4274662312B3CC00CD3796 /* Model.swift */; };
		BA4274692312CA5700CD3796 /* UserDefaultsWrapper.swift in Sources */ = {isa = PBXBuildFile; fileRef = BA4274682312CA5700CD3796 /* UserDefaultsWrapper.swift */; };
		BA59EBE32319552B0037EF6B /* UserDefaultKeys.swift in Sources */ = {isa = PBXBuildFile; fileRef = BA59EBE22319552B0037EF6B /* UserDefaultKeys.swift */; };
		BA59EBE52319556C0037EF6B /* MyColor.swift in Sources */ = {isa = PBXBuildFile; fileRef = BA59EBE42319556C0037EF6B /* MyColor.swift */; };
		BA59EBFA231976760037EF6B /* Annotation.swift in Sources */ = {isa = PBXBuildFile; fileRef = BA59EBF9231976760037EF6B /* Annotation.swift */; };
		BA6210CC233115A1007D548F /* ZoomableMapView.swift in Sources */ = {isa = PBXBuildFile; fileRef = BA6210CB233115A1007D548F /* ZoomableMapView.swift */; };
		BA6210CE23312975007D548F /* TitleTableViewCell.swift in Sources */ = {isa = PBXBuildFile; fileRef = BA6210CD23312975007D548F /* TitleTableViewCell.swift */; };
		BA6210D023312A2F007D548F /* TitleTableViewCell.xib in Resources */ = {isa = PBXBuildFile; fileRef = BA6210CF23312A2F007D548F /* TitleTableViewCell.xib */; };
		BA6B6EAA23B334CA006A7635 /* ModelWithCombine.swift in Sources */ = {isa = PBXBuildFile; fileRef = BA6B6EA923B334CA006A7635 /* ModelWithCombine.swift */; };
		BA6B6EAB23B33536006A7635 /* UserDefaultKeys.swift in Sources */ = {isa = PBXBuildFile; fileRef = BA59EBE22319552B0037EF6B /* UserDefaultKeys.swift */; };
		BA6B6EAC23B33536006A7635 /* NotificationNames.swift in Sources */ = {isa = PBXBuildFile; fileRef = BAF2293C23181B3400D75930 /* NotificationNames.swift */; };
		BA6B6EAD23B33536006A7635 /* MyColor.swift in Sources */ = {isa = PBXBuildFile; fileRef = BA59EBE42319556C0037EF6B /* MyColor.swift */; };
		BA6B6EAE23B33536006A7635 /* Tools.swift in Sources */ = {isa = PBXBuildFile; fileRef = E67C3A2022291FED00551AC6 /* Tools.swift */; };
		BA6B6EAF23B33540006A7635 /* UserDefaultsWrapper.swift in Sources */ = {isa = PBXBuildFile; fileRef = BA4274682312CA5700CD3796 /* UserDefaultsWrapper.swift */; };
		BA6B6EB023B33540006A7635 /* UserDefaultsExtension.swift in Sources */ = {isa = PBXBuildFile; fileRef = BAF229392316A00400D75930 /* UserDefaultsExtension.swift */; };
		BA6B6EB123B33540006A7635 /* UserDefaultConvertibles.swift in Sources */ = {isa = PBXBuildFile; fileRef = BAD5CA2C231A730900499E17 /* UserDefaultConvertibles.swift */; };
		BA6B6EB223B3374E006A7635 /* Place.swift in Sources */ = {isa = PBXBuildFile; fileRef = BAF229352314DD7700D75930 /* Place.swift */; };
		BA6B6EB523B39CF9006A7635 /* Array++.swift in Sources */ = {isa = PBXBuildFile; fileRef = BA6B6EB423B39CF9006A7635 /* Array++.swift */; };
		BA6B6EB723B39D2B006A7635 /* UIPageViewController++.swift in Sources */ = {isa = PBXBuildFile; fileRef = BA6B6EB623B39D2B006A7635 /* UIPageViewController++.swift */; };
		BA6B6EB923B39D8C006A7635 /* UISearchBar++.swift in Sources */ = {isa = PBXBuildFile; fileRef = BA6B6EB823B39D8C006A7635 /* UISearchBar++.swift */; };
		BA6B6EBB23B39DA9006A7635 /* NSAttributedString++.swift in Sources */ = {isa = PBXBuildFile; fileRef = BA6B6EBA23B39DA9006A7635 /* NSAttributedString++.swift */; };
		BA6B6EBD23B39E00006A7635 /* UIGestureRecognizer++.swift in Sources */ = {isa = PBXBuildFile; fileRef = BA6B6EBC23B39E00006A7635 /* UIGestureRecognizer++.swift */; };
		BA6B6EC123B39F17006A7635 /* Date++.swift in Sources */ = {isa = PBXBuildFile; fileRef = BA6B6EC023B39F17006A7635 /* Date++.swift */; };
		BA6B6EC323B39F35006A7635 /* String++.swift in Sources */ = {isa = PBXBuildFile; fileRef = BA6B6EC223B39F35006A7635 /* String++.swift */; };
		BA6B6EC623B3A074006A7635 /* CLPlacemark++.swift in Sources */ = {isa = PBXBuildFile; fileRef = BA6B6EC523B3A074006A7635 /* CLPlacemark++.swift */; };
		BA6B6EC723B3A164006A7635 /* LocationController.swift in Sources */ = {isa = PBXBuildFile; fileRef = BAC1FB922329EC4B00B5A866 /* LocationController.swift */; };
		BA6B6EC923B3A44A006A7635 /* HostingController.swift in Sources */ = {isa = PBXBuildFile; fileRef = BA6B6EC823B3A44A006A7635 /* HostingController.swift */; };
		BA6B6ECA23B3A483006A7635 /* Settings.swift in Sources */ = {isa = PBXBuildFile; fileRef = BA8ED9112321817800A1232D /* Settings.swift */; };
		BA6B6ECB23B3A54C006A7635 /* Array++.swift in Sources */ = {isa = PBXBuildFile; fileRef = BA6B6EB423B39CF9006A7635 /* Array++.swift */; };
		BA6B6ECC23B3A54C006A7635 /* Date++.swift in Sources */ = {isa = PBXBuildFile; fileRef = BA6B6EC023B39F17006A7635 /* Date++.swift */; };
		BA6B6ECD23B3A54C006A7635 /* String++.swift in Sources */ = {isa = PBXBuildFile; fileRef = BA6B6EC223B39F35006A7635 /* String++.swift */; };
		BA6B6ECE23B3A554006A7635 /* CLPlacemark++.swift in Sources */ = {isa = PBXBuildFile; fileRef = BA6B6EC523B3A074006A7635 /* CLPlacemark++.swift */; };
		BA6B6ED523B3A773006A7635 /* PlaceRaw.swift in Sources */ = {isa = PBXBuildFile; fileRef = BA6B6ED023B3A772006A7635 /* PlaceRaw.swift */; };
		BA6B6ED623B3A773006A7635 /* MapView.swift in Sources */ = {isa = PBXBuildFile; fileRef = BA6B6ED123B3A773006A7635 /* MapView.swift */; };
		BA6B6ED723B3A773006A7635 /* SearchView.swift in Sources */ = {isa = PBXBuildFile; fileRef = BA6B6ED223B3A773006A7635 /* SearchView.swift */; };
		BA6B6ED823B3A773006A7635 /* ContentView.swift in Sources */ = {isa = PBXBuildFile; fileRef = BA6B6ED323B3A773006A7635 /* ContentView.swift */; };
		BA6B6ED923B3A773006A7635 /* FavoriteList.swift in Sources */ = {isa = PBXBuildFile; fileRef = BA6B6ED423B3A773006A7635 /* FavoriteList.swift */; };
		BA8ED9122321817800A1232D /* Settings.swift in Sources */ = {isa = PBXBuildFile; fileRef = BA8ED9112321817800A1232D /* Settings.swift */; };
		BA8ED9142322098300A1232D /* SearchCellModel.swift in Sources */ = {isa = PBXBuildFile; fileRef = BA8ED9132322098300A1232D /* SearchCellModel.swift */; };
		BA92A499233A1080000E3BC2 /* DirectionViewModel.swift in Sources */ = {isa = PBXBuildFile; fileRef = BA92A498233A1080000E3BC2 /* DirectionViewModel.swift */; };
		BA98EB45236A031E008B08CD /* CloudKit.framework in Frameworks */ = {isa = PBXBuildFile; fileRef = BA98EB44236A031E008B08CD /* CloudKit.framework */; };
		BAAD978423324BFF003D30BE /* Default-568h@2x.png in Resources */ = {isa = PBXBuildFile; fileRef = BAAD978323324BFE003D30BE /* Default-568h@2x.png */; };
		BABAD44E232F670B00976FFC /* SegmentedTableViewCell.xib in Resources */ = {isa = PBXBuildFile; fileRef = BABAD44D232F670B00976FFC /* SegmentedTableViewCell.xib */; };
		BABAD450232F77A200976FFC /* TextFieldTableViewCell.swift in Sources */ = {isa = PBXBuildFile; fileRef = BABAD44F232F77A200976FFC /* TextFieldTableViewCell.swift */; };
		BABAD452232F87F500976FFC /* TextFieldTableViewCell.xib in Resources */ = {isa = PBXBuildFile; fileRef = BABAD451232F87F500976FFC /* TextFieldTableViewCell.xib */; };
		BABAD4582330C9CA00976FFC /* MapTableViewCell.swift in Sources */ = {isa = PBXBuildFile; fileRef = BABAD4572330C9CA00976FFC /* MapTableViewCell.swift */; };
		BABAD45A2330E07900976FFC /* MapTableViewCell.xib in Resources */ = {isa = PBXBuildFile; fileRef = BABAD4592330E07900976FFC /* MapTableViewCell.xib */; };
		BAC1FB932329EC4B00B5A866 /* LocationController.swift in Sources */ = {isa = PBXBuildFile; fileRef = BAC1FB922329EC4B00B5A866 /* LocationController.swift */; };
		BAC1FB95232C60F900B5A866 /* ArrowSetting.storyboard in Resources */ = {isa = PBXBuildFile; fileRef = BAC1FB94232C60F900B5A866 /* ArrowSetting.storyboard */; };
		BAC1FB99232C6EC600B5A866 /* SegmentedTableViewCell.swift in Sources */ = {isa = PBXBuildFile; fileRef = BAC1FB98232C6EC600B5A866 /* SegmentedTableViewCell.swift */; };
		BAD5CA28231A664600499E17 /* TableViewSection.swift in Sources */ = {isa = PBXBuildFile; fileRef = BAD5CA27231A664600499E17 /* TableViewSection.swift */; };
		BAD5CA2A231A68BD00499E17 /* SettingsTableViewDataSource.swift in Sources */ = {isa = PBXBuildFile; fileRef = BAD5CA29231A68BD00499E17 /* SettingsTableViewDataSource.swift */; };
		BAD5CA2D231A730900499E17 /* UserDefaultConvertibles.swift in Sources */ = {isa = PBXBuildFile; fileRef = BAD5CA2C231A730900499E17 /* UserDefaultConvertibles.swift */; };
		BAF229362314DD7700D75930 /* Place.swift in Sources */ = {isa = PBXBuildFile; fileRef = BAF229352314DD7700D75930 /* Place.swift */; };
		BAF229382314DD9A00D75930 /* ViewModel.swift in Sources */ = {isa = PBXBuildFile; fileRef = BAF229372314DD9A00D75930 /* ViewModel.swift */; };
		BAF2293A2316A00400D75930 /* UserDefaultsExtension.swift in Sources */ = {isa = PBXBuildFile; fileRef = BAF229392316A00400D75930 /* UserDefaultsExtension.swift */; };
		BAF2293D23181B3400D75930 /* NotificationNames.swift in Sources */ = {isa = PBXBuildFile; fileRef = BAF2293C23181B3400D75930 /* NotificationNames.swift */; };
		BAF9A05E23705D3600F354A2 /* MyButton.swift in Sources */ = {isa = PBXBuildFile; fileRef = BAF9A05D23705D3600F354A2 /* MyButton.swift */; };
		E631DF492232BDAE00CC1A03 /* Localizable.strings in Resources */ = {isa = PBXBuildFile; fileRef = E631DF4B2232BDAE00CC1A03 /* Localizable.strings */; };
		E631DF4F2232C20800CC1A03 /* InfoPlist.strings in Resources */ = {isa = PBXBuildFile; fileRef = E631DF512232C20800CC1A03 /* InfoPlist.strings */; };
		E6358E16222D7E660084E9CB /* Setting.storyboard in Resources */ = {isa = PBXBuildFile; fileRef = E6358E15222D7E660084E9CB /* Setting.storyboard */; };
		E6358E18222D7E850084E9CB /* SettingsViewController.swift in Sources */ = {isa = PBXBuildFile; fileRef = E6358E17222D7E850084E9CB /* SettingsViewController.swift */; };
		E67C3A0322261C1400551AC6 /* Activity.storyboard in Resources */ = {isa = PBXBuildFile; fileRef = E67C3A0222261C1400551AC6 /* Activity.storyboard */; };
		E67C3A0522261C2200551AC6 /* Direction.storyboard in Resources */ = {isa = PBXBuildFile; fileRef = E67C3A0422261C2200551AC6 /* Direction.storyboard */; };
		E67C3A0722261C3800551AC6 /* Map.storyboard in Resources */ = {isa = PBXBuildFile; fileRef = E67C3A0622261C3800551AC6 /* Map.storyboard */; };
		E67C3A0922263DB600551AC6 /* DirectionViewController.swift in Sources */ = {isa = PBXBuildFile; fileRef = E67C3A0822263DB600551AC6 /* DirectionViewController.swift */; };
		E67C3A0D2226428A00551AC6 /* ActivityViewController.swift in Sources */ = {isa = PBXBuildFile; fileRef = E67C3A0C2226428A00551AC6 /* ActivityViewController.swift */; };
		E67C3A0F2226429300551AC6 /* MapViewController.swift in Sources */ = {isa = PBXBuildFile; fileRef = E67C3A0E2226429300551AC6 /* MapViewController.swift */; };
		E67C3A11222643B200551AC6 /* ActivityCollectionViewCell.swift in Sources */ = {isa = PBXBuildFile; fileRef = E67C3A10222643B200551AC6 /* ActivityCollectionViewCell.swift */; };
		E67C3A1322267E0C00551AC6 /* ActivityData.swift in Sources */ = {isa = PBXBuildFile; fileRef = E67C3A1222267E0C00551AC6 /* ActivityData.swift */; };
		E67C3A1E2226AB7100551AC6 /* HealthKit.framework in Frameworks */ = {isa = PBXBuildFile; fileRef = E67C3A1D2226AB7100551AC6 /* HealthKit.framework */; };
		E67C3A2122291FEE00551AC6 /* Tools.swift in Sources */ = {isa = PBXBuildFile; fileRef = E67C3A2022291FED00551AC6 /* Tools.swift */; };
		E69F09AD2248E6B600B77F6E /* ArrowSettingsViewController.swift in Sources */ = {isa = PBXBuildFile; fileRef = E69F09AC2248E6B600B77F6E /* ArrowSettingsViewController.swift */; };
		E69F09AF2249094200B77F6E /* SliderTableViewCell.swift in Sources */ = {isa = PBXBuildFile; fileRef = E69F09AE2249094200B77F6E /* SliderTableViewCell.swift */; };
		E6A8097922354E2D0086E146 /* RequestLocation.storyboard in Resources */ = {isa = PBXBuildFile; fileRef = E6A8097822354E2D0086E146 /* RequestLocation.storyboard */; };
		E6A8097D22354E600086E146 /* RequestLocationViewController.swift in Sources */ = {isa = PBXBuildFile; fileRef = E6A8097C22354E600086E146 /* RequestLocationViewController.swift */; };
		E6A809802235B9900086E146 /* TableViewExtensions.swift in Sources */ = {isa = PBXBuildFile; fileRef = E6A8097F2235B9900086E146 /* TableViewExtensions.swift */; };
		E6C437C7222386F800542844 /* AppDelegate.swift in Sources */ = {isa = PBXBuildFile; fileRef = E6C437C6222386F800542844 /* AppDelegate.swift */; };
		E6C437C9222386F800542844 /* ViewController.swift in Sources */ = {isa = PBXBuildFile; fileRef = E6C437C8222386F800542844 /* ViewController.swift */; };
		E6C437CC222386F800542844 /* Main.storyboard in Resources */ = {isa = PBXBuildFile; fileRef = E6C437CA222386F800542844 /* Main.storyboard */; };
		E6C437CE222386F900542844 /* Assets.xcassets in Resources */ = {isa = PBXBuildFile; fileRef = E6C437CD222386F900542844 /* Assets.xcassets */; };
		E6C437D1222386F900542844 /* LaunchScreen.storyboard in Resources */ = {isa = PBXBuildFile; fileRef = E6C437CF222386F900542844 /* LaunchScreen.storyboard */; };
		E6C437DC222386FA00542844 /* DireWalkTests.swift in Sources */ = {isa = PBXBuildFile; fileRef = E6C437DB222386FA00542844 /* DireWalkTests.swift */; };
		E6C437E7222386FA00542844 /* DireWalkUITests.swift in Sources */ = {isa = PBXBuildFile; fileRef = E6C437E6222386FA00542844 /* DireWalkUITests.swift */; };
		E6EA4052223F58D800BA27C2 /* GoogleService-Info.plist in Resources */ = {isa = PBXBuildFile; fileRef = E6EA4051223F58D800BA27C2 /* GoogleService-Info.plist */; };
/* End PBXBuildFile section */

/* Begin PBXContainerItemProxy section */
		BA41623D234C52A7006B5E5C /* PBXContainerItemProxy */ = {
			isa = PBXContainerItemProxy;
			containerPortal = E6C437BB222386F800542844 /* Project object */;
			proxyType = 1;
			remoteGlobalIDString = BA41623A234C52A7006B5E5C;
			remoteInfo = "DireWalk for watchOS Extension";
		};
		BA416251234C52A8006B5E5C /* PBXContainerItemProxy */ = {
			isa = PBXContainerItemProxy;
			containerPortal = E6C437BB222386F800542844 /* Project object */;
			proxyType = 1;
			remoteGlobalIDString = BA41622E234C52A3006B5E5C;
			remoteInfo = "DireWalk for watchOS";
		};
		E6C437D8222386FA00542844 /* PBXContainerItemProxy */ = {
			isa = PBXContainerItemProxy;
			containerPortal = E6C437BB222386F800542844 /* Project object */;
			proxyType = 1;
			remoteGlobalIDString = E6C437C2222386F800542844;
			remoteInfo = DireWalk;
		};
		E6C437E3222386FA00542844 /* PBXContainerItemProxy */ = {
			isa = PBXContainerItemProxy;
			containerPortal = E6C437BB222386F800542844 /* Project object */;
			proxyType = 1;
			remoteGlobalIDString = E6C437C2222386F800542844;
			remoteInfo = DireWalk;
		};
/* End PBXContainerItemProxy section */

/* Begin PBXCopyFilesBuildPhase section */
		BA416254234C52A8006B5E5C /* Embed Watch Content */ = {
			isa = PBXCopyFilesBuildPhase;
			buildActionMask = 2147483647;
			dstPath = "$(CONTENTS_FOLDER_PATH)/Watch";
			dstSubfolderSpec = 16;
			files = (
				BA416253234C52A8006B5E5C /* DireWalk for watchOS.app in Embed Watch Content */,
			);
			name = "Embed Watch Content";
			runOnlyForDeploymentPostprocessing = 0;
		};
		BA416257234C52A8006B5E5C /* Embed App Extensions */ = {
			isa = PBXCopyFilesBuildPhase;
			buildActionMask = 2147483647;
			dstPath = "";
			dstSubfolderSpec = 13;
			files = (
				BA41623C234C52A7006B5E5C /* DireWalk for watchOS Extension.appex in Embed App Extensions */,
			);
			name = "Embed App Extensions";
			runOnlyForDeploymentPostprocessing = 0;
		};
		BA59EBF8231972C40037EF6B /* Embed App Extensions */ = {
			isa = PBXCopyFilesBuildPhase;
			buildActionMask = 2147483647;
			dstPath = "";
			dstSubfolderSpec = 13;
			files = (
			);
			name = "Embed App Extensions";
			runOnlyForDeploymentPostprocessing = 0;
		};
/* End PBXCopyFilesBuildPhase section */

/* Begin PBXFileReference section */
		11900438587AFCB618FB10AC /* Pods-DireWalk.debug.xcconfig */ = {isa = PBXFileReference; includeInIndex = 1; lastKnownFileType = text.xcconfig; name = "Pods-DireWalk.debug.xcconfig"; path = "Target Support Files/Pods-DireWalk/Pods-DireWalk.debug.xcconfig"; sourceTree = "<group>"; };
		1FE94CE3DA4BE688A5312CD3 /* Pods-DireWalkTests.debug.xcconfig */ = {isa = PBXFileReference; includeInIndex = 1; lastKnownFileType = text.xcconfig; name = "Pods-DireWalkTests.debug.xcconfig"; path = "Target Support Files/Pods-DireWalkTests/Pods-DireWalkTests.debug.xcconfig"; sourceTree = "<group>"; };
		48008B15EC0AC67676027950 /* Pods_DireWalk.framework */ = {isa = PBXFileReference; explicitFileType = wrapper.framework; includeInIndex = 0; path = Pods_DireWalk.framework; sourceTree = BUILT_PRODUCTS_DIR; };
		4FFCE3EF6E7FFE8BF2A5063E /* Pods_DireWalkTests.framework */ = {isa = PBXFileReference; explicitFileType = wrapper.framework; includeInIndex = 0; path = Pods_DireWalkTests.framework; sourceTree = BUILT_PRODUCTS_DIR; };
		66ABC43BEDC52AE058FA4BF1 /* Pods_DireWalkUITests.framework */ = {isa = PBXFileReference; explicitFileType = wrapper.framework; includeInIndex = 0; path = Pods_DireWalkUITests.framework; sourceTree = BUILT_PRODUCTS_DIR; };
		7372F7D2370C50844CB32966 /* Pods-DireWalkUITests.release.xcconfig */ = {isa = PBXFileReference; includeInIndex = 1; lastKnownFileType = text.xcconfig; name = "Pods-DireWalkUITests.release.xcconfig"; path = "Target Support Files/Pods-DireWalkUITests/Pods-DireWalkUITests.release.xcconfig"; sourceTree = "<group>"; };
		9C25B50BC868A003B4F96F1E /* Pods-DireWalkTests.release.xcconfig */ = {isa = PBXFileReference; includeInIndex = 1; lastKnownFileType = text.xcconfig; name = "Pods-DireWalkTests.release.xcconfig"; path = "Target Support Files/Pods-DireWalkTests/Pods-DireWalkTests.release.xcconfig"; sourceTree = "<group>"; };
		B70BF1FEBCD467FDAD7CAEE8 /* Pods-DireWalk.release.xcconfig */ = {isa = PBXFileReference; includeInIndex = 1; lastKnownFileType = text.xcconfig; name = "Pods-DireWalk.release.xcconfig"; path = "Target Support Files/Pods-DireWalk/Pods-DireWalk.release.xcconfig"; sourceTree = "<group>"; };
		BA259192232E6A4000E9689E /* EditFavorite.storyboard */ = {isa = PBXFileReference; lastKnownFileType = file.storyboard; path = EditFavorite.storyboard; sourceTree = "<group>"; };
		BA259194232E6A7200E9689E /* EditFavoriteViewController.swift */ = {isa = PBXFileReference; lastKnownFileType = sourcecode.swift; path = EditFavoriteViewController.swift; sourceTree = "<group>"; };
		BA26E8F52320D9CF00A18652 /* SearchTableViewCell.swift */ = {isa = PBXFileReference; lastKnownFileType = sourcecode.swift; path = SearchTableViewCell.swift; sourceTree = "<group>"; };
		BA26E8F72320D9FB00A18652 /* SearchTableViewCell.xib */ = {isa = PBXFileReference; lastKnownFileType = file.xib; path = SearchTableViewCell.xib; sourceTree = "<group>"; };
		BA274524232E80E200E12451 /* ToggleTableViewCell.xib */ = {isa = PBXFileReference; lastKnownFileType = file.xib; path = ToggleTableViewCell.xib; sourceTree = "<group>"; };
		BA274526232E812800E12451 /* TextTableViewCell.xib */ = {isa = PBXFileReference; lastKnownFileType = file.xib; path = TextTableViewCell.xib; sourceTree = "<group>"; };
		BA274529232E87FD00E12451 /* ToggleTableViewCell.swift */ = {isa = PBXFileReference; lastKnownFileType = sourcecode.swift; path = ToggleTableViewCell.swift; sourceTree = "<group>"; };
		BA27452B232E880C00E12451 /* TextTableViewCell.swift */ = {isa = PBXFileReference; lastKnownFileType = sourcecode.swift; path = TextTableViewCell.swift; sourceTree = "<group>"; };
		BA27452E232E890300E12451 /* TappableTableViewCell.xib */ = {isa = PBXFileReference; lastKnownFileType = file.xib; path = TappableTableViewCell.xib; sourceTree = "<group>"; };
		BA274530232E891F00E12451 /* TappableTableViewCell.swift */ = {isa = PBXFileReference; lastKnownFileType = sourcecode.swift; path = TappableTableViewCell.swift; sourceTree = "<group>"; };
		BA274532232E897A00E12451 /* DetailTableViewCell.swift */ = {isa = PBXFileReference; lastKnownFileType = sourcecode.swift; path = DetailTableViewCell.swift; sourceTree = "<group>"; };
		BA274534232E89AB00E12451 /* DetailTableViewCell.xib */ = {isa = PBXFileReference; lastKnownFileType = file.xib; path = DetailTableViewCell.xib; sourceTree = "<group>"; };
		BA274536232E987100E12451 /* SliderTableViewCell.xib */ = {isa = PBXFileReference; lastKnownFileType = file.xib; path = SliderTableViewCell.xib; sourceTree = "<group>"; };
		BA41622F234C52A3006B5E5C /* DireWalk for watchOS.app */ = {isa = PBXFileReference; explicitFileType = wrapper.application; includeInIndex = 0; path = "DireWalk for watchOS.app"; sourceTree = BUILT_PRODUCTS_DIR; };
		BA416232234C52A3006B5E5C /* Base */ = {isa = PBXFileReference; lastKnownFileType = file.storyboard; name = Base; path = Base.lproj/Interface.storyboard; sourceTree = "<group>"; };
		BA416234234C52A7006B5E5C /* Assets.xcassets */ = {isa = PBXFileReference; lastKnownFileType = folder.assetcatalog; path = Assets.xcassets; sourceTree = "<group>"; };
		BA416236234C52A7006B5E5C /* Info.plist */ = {isa = PBXFileReference; lastKnownFileType = text.plist.xml; path = Info.plist; sourceTree = "<group>"; };
		BA41623B234C52A7006B5E5C /* DireWalk for watchOS Extension.appex */ = {isa = PBXFileReference; explicitFileType = "wrapper.app-extension"; includeInIndex = 0; path = "DireWalk for watchOS Extension.appex"; sourceTree = BUILT_PRODUCTS_DIR; };
		BA416244234C52A7006B5E5C /* ExtensionDelegate.swift */ = {isa = PBXFileReference; lastKnownFileType = sourcecode.swift; path = ExtensionDelegate.swift; sourceTree = "<group>"; };
		BA416246234C52A7006B5E5C /* NotificationController.swift */ = {isa = PBXFileReference; lastKnownFileType = sourcecode.swift; path = NotificationController.swift; sourceTree = "<group>"; };
		BA416248234C52A7006B5E5C /* NotificationView.swift */ = {isa = PBXFileReference; lastKnownFileType = sourcecode.swift; path = NotificationView.swift; sourceTree = "<group>"; };
		BA41624A234C52A8006B5E5C /* Assets.xcassets */ = {isa = PBXFileReference; lastKnownFileType = folder.assetcatalog; path = Assets.xcassets; sourceTree = "<group>"; };
		BA41624D234C52A8006B5E5C /* Preview Assets.xcassets */ = {isa = PBXFileReference; lastKnownFileType = folder.assetcatalog; path = "Preview Assets.xcassets"; sourceTree = "<group>"; };
		BA41624F234C52A8006B5E5C /* Info.plist */ = {isa = PBXFileReference; lastKnownFileType = text.plist.xml; path = Info.plist; sourceTree = "<group>"; };
		BA416250234C52A8006B5E5C /* PushNotificationPayload.apns */ = {isa = PBXFileReference; lastKnownFileType = text; path = PushNotificationPayload.apns; sourceTree = "<group>"; };
		BA4274662312B3CC00CD3796 /* Model.swift */ = {isa = PBXFileReference; lastKnownFileType = sourcecode.swift; path = Model.swift; sourceTree = "<group>"; };
		BA4274682312CA5700CD3796 /* UserDefaultsWrapper.swift */ = {isa = PBXFileReference; lastKnownFileType = sourcecode.swift; path = UserDefaultsWrapper.swift; sourceTree = "<group>"; };
		BA59EBE22319552B0037EF6B /* UserDefaultKeys.swift */ = {isa = PBXFileReference; lastKnownFileType = sourcecode.swift; path = UserDefaultKeys.swift; sourceTree = "<group>"; };
		BA59EBE42319556C0037EF6B /* MyColor.swift */ = {isa = PBXFileReference; lastKnownFileType = sourcecode.swift; path = MyColor.swift; sourceTree = "<group>"; };
		BA59EBEC231972C40037EF6B /* ShareViewController.swift */ = {isa = PBXFileReference; lastKnownFileType = sourcecode.swift; path = ShareViewController.swift; sourceTree = "<group>"; };
		BA59EBEF231972C40037EF6B /* Base */ = {isa = PBXFileReference; lastKnownFileType = file.storyboard; name = Base; path = Base.lproj/MainInterface.storyboard; sourceTree = "<group>"; };
		BA59EBF1231972C40037EF6B /* Info.plist */ = {isa = PBXFileReference; lastKnownFileType = text.plist.xml; path = Info.plist; sourceTree = "<group>"; };
		BA59EBF9231976760037EF6B /* Annotation.swift */ = {isa = PBXFileReference; lastKnownFileType = sourcecode.swift; path = Annotation.swift; sourceTree = "<group>"; };
		BA6210CB233115A1007D548F /* ZoomableMapView.swift */ = {isa = PBXFileReference; fileEncoding = 4; lastKnownFileType = sourcecode.swift; path = ZoomableMapView.swift; sourceTree = "<group>"; };
		BA6210CD23312975007D548F /* TitleTableViewCell.swift */ = {isa = PBXFileReference; lastKnownFileType = sourcecode.swift; path = TitleTableViewCell.swift; sourceTree = "<group>"; };
		BA6210CF23312A2F007D548F /* TitleTableViewCell.xib */ = {isa = PBXFileReference; lastKnownFileType = file.xib; path = TitleTableViewCell.xib; sourceTree = "<group>"; };
		BA6B6EA923B334CA006A7635 /* ModelWithCombine.swift */ = {isa = PBXFileReference; lastKnownFileType = sourcecode.swift; path = ModelWithCombine.swift; sourceTree = "<group>"; };
		BA6B6EB423B39CF9006A7635 /* Array++.swift */ = {isa = PBXFileReference; lastKnownFileType = sourcecode.swift; path = "Array++.swift"; sourceTree = "<group>"; };
		BA6B6EB623B39D2B006A7635 /* UIPageViewController++.swift */ = {isa = PBXFileReference; lastKnownFileType = sourcecode.swift; path = "UIPageViewController++.swift"; sourceTree = "<group>"; };
		BA6B6EB823B39D8C006A7635 /* UISearchBar++.swift */ = {isa = PBXFileReference; lastKnownFileType = sourcecode.swift; path = "UISearchBar++.swift"; sourceTree = "<group>"; };
		BA6B6EBA23B39DA9006A7635 /* NSAttributedString++.swift */ = {isa = PBXFileReference; lastKnownFileType = sourcecode.swift; path = "NSAttributedString++.swift"; sourceTree = "<group>"; };
		BA6B6EBC23B39E00006A7635 /* UIGestureRecognizer++.swift */ = {isa = PBXFileReference; lastKnownFileType = sourcecode.swift; path = "UIGestureRecognizer++.swift"; sourceTree = "<group>"; };
		BA6B6EC023B39F17006A7635 /* Date++.swift */ = {isa = PBXFileReference; lastKnownFileType = sourcecode.swift; path = "Date++.swift"; sourceTree = "<group>"; };
		BA6B6EC223B39F35006A7635 /* String++.swift */ = {isa = PBXFileReference; lastKnownFileType = sourcecode.swift; path = "String++.swift"; sourceTree = "<group>"; };
		BA6B6EC523B3A074006A7635 /* CLPlacemark++.swift */ = {isa = PBXFileReference; lastKnownFileType = sourcecode.swift; path = "CLPlacemark++.swift"; sourceTree = "<group>"; };
		BA6B6EC823B3A44A006A7635 /* HostingController.swift */ = {isa = PBXFileReference; fileEncoding = 4; lastKnownFileType = sourcecode.swift; path = HostingController.swift; sourceTree = "<group>"; };
		BA6B6ED023B3A772006A7635 /* PlaceRaw.swift */ = {isa = PBXFileReference; fileEncoding = 4; lastKnownFileType = sourcecode.swift; path = PlaceRaw.swift; sourceTree = "<group>"; };
		BA6B6ED123B3A773006A7635 /* MapView.swift */ = {isa = PBXFileReference; fileEncoding = 4; lastKnownFileType = sourcecode.swift; path = MapView.swift; sourceTree = "<group>"; };
		BA6B6ED223B3A773006A7635 /* SearchView.swift */ = {isa = PBXFileReference; fileEncoding = 4; lastKnownFileType = sourcecode.swift; path = SearchView.swift; sourceTree = "<group>"; };
		BA6B6ED323B3A773006A7635 /* ContentView.swift */ = {isa = PBXFileReference; fileEncoding = 4; lastKnownFileType = sourcecode.swift; path = ContentView.swift; sourceTree = "<group>"; };
		BA6B6ED423B3A773006A7635 /* FavoriteList.swift */ = {isa = PBXFileReference; fileEncoding = 4; lastKnownFileType = sourcecode.swift; path = FavoriteList.swift; sourceTree = "<group>"; };
		BA8ED9112321817800A1232D /* Settings.swift */ = {isa = PBXFileReference; lastKnownFileType = sourcecode.swift; path = Settings.swift; sourceTree = "<group>"; };
		BA8ED9132322098300A1232D /* SearchCellModel.swift */ = {isa = PBXFileReference; lastKnownFileType = sourcecode.swift; path = SearchCellModel.swift; sourceTree = "<group>"; };
		BA92A498233A1080000E3BC2 /* DirectionViewModel.swift */ = {isa = PBXFileReference; lastKnownFileType = sourcecode.swift; path = DirectionViewModel.swift; sourceTree = "<group>"; };
		BA98EB44236A031E008B08CD /* CloudKit.framework */ = {isa = PBXFileReference; lastKnownFileType = wrapper.framework; name = CloudKit.framework; path = System/Library/Frameworks/CloudKit.framework; sourceTree = SDKROOT; };
		BAAD978223315DFD003D30BE /* TableViewCells.md */ = {isa = PBXFileReference; lastKnownFileType = net.daringfireball.markdown; path = TableViewCells.md; sourceTree = "<group>"; };
		BAAD978323324BFE003D30BE /* Default-568h@2x.png */ = {isa = PBXFileReference; lastKnownFileType = image.png; path = "Default-568h@2x.png"; sourceTree = "<group>"; };
		BABAD44D232F670B00976FFC /* SegmentedTableViewCell.xib */ = {isa = PBXFileReference; fileEncoding = 4; lastKnownFileType = file.xib; path = SegmentedTableViewCell.xib; sourceTree = "<group>"; };
		BABAD44F232F77A200976FFC /* TextFieldTableViewCell.swift */ = {isa = PBXFileReference; lastKnownFileType = sourcecode.swift; path = TextFieldTableViewCell.swift; sourceTree = "<group>"; };
		BABAD451232F87F500976FFC /* TextFieldTableViewCell.xib */ = {isa = PBXFileReference; lastKnownFileType = file.xib; path = TextFieldTableViewCell.xib; sourceTree = "<group>"; };
		BABAD4572330C9CA00976FFC /* MapTableViewCell.swift */ = {isa = PBXFileReference; lastKnownFileType = sourcecode.swift; path = MapTableViewCell.swift; sourceTree = "<group>"; };
		BABAD4592330E07900976FFC /* MapTableViewCell.xib */ = {isa = PBXFileReference; lastKnownFileType = file.xib; path = MapTableViewCell.xib; sourceTree = "<group>"; };
		BAC1FB922329EC4B00B5A866 /* LocationController.swift */ = {isa = PBXFileReference; lastKnownFileType = sourcecode.swift; path = LocationController.swift; sourceTree = "<group>"; };
		BAC1FB94232C60F900B5A866 /* ArrowSetting.storyboard */ = {isa = PBXFileReference; lastKnownFileType = file.storyboard; path = ArrowSetting.storyboard; sourceTree = "<group>"; };
		BAC1FB98232C6EC600B5A866 /* SegmentedTableViewCell.swift */ = {isa = PBXFileReference; lastKnownFileType = sourcecode.swift; path = SegmentedTableViewCell.swift; sourceTree = "<group>"; };
		BAD5CA27231A664600499E17 /* TableViewSection.swift */ = {isa = PBXFileReference; lastKnownFileType = sourcecode.swift; path = TableViewSection.swift; sourceTree = "<group>"; };
		BAD5CA29231A68BD00499E17 /* SettingsTableViewDataSource.swift */ = {isa = PBXFileReference; lastKnownFileType = sourcecode.swift; path = SettingsTableViewDataSource.swift; sourceTree = "<group>"; };
		BAD5CA2C231A730900499E17 /* UserDefaultConvertibles.swift */ = {isa = PBXFileReference; lastKnownFileType = sourcecode.swift; path = UserDefaultConvertibles.swift; sourceTree = "<group>"; };
		BAF229352314DD7700D75930 /* Place.swift */ = {isa = PBXFileReference; lastKnownFileType = sourcecode.swift; path = Place.swift; sourceTree = "<group>"; };
		BAF229372314DD9A00D75930 /* ViewModel.swift */ = {isa = PBXFileReference; lastKnownFileType = sourcecode.swift; path = ViewModel.swift; sourceTree = "<group>"; };
		BAF229392316A00400D75930 /* UserDefaultsExtension.swift */ = {isa = PBXFileReference; lastKnownFileType = sourcecode.swift; path = UserDefaultsExtension.swift; sourceTree = "<group>"; };
		BAF2293C23181B3400D75930 /* NotificationNames.swift */ = {isa = PBXFileReference; lastKnownFileType = sourcecode.swift; path = NotificationNames.swift; sourceTree = "<group>"; };
		BAF9A05D23705D3600F354A2 /* MyButton.swift */ = {isa = PBXFileReference; lastKnownFileType = sourcecode.swift; path = MyButton.swift; sourceTree = "<group>"; };
		E62F7574A2A73FEA89837089 /* Pods-DireWalkUITests.debug.xcconfig */ = {isa = PBXFileReference; includeInIndex = 1; lastKnownFileType = text.xcconfig; name = "Pods-DireWalkUITests.debug.xcconfig"; path = "Target Support Files/Pods-DireWalkUITests/Pods-DireWalkUITests.debug.xcconfig"; sourceTree = "<group>"; };
		E631DF4A2232BDAE00CC1A03 /* en */ = {isa = PBXFileReference; lastKnownFileType = text.plist.strings; name = en; path = en.lproj/Localizable.strings; sourceTree = "<group>"; };
		E631DF4C2232BDDB00CC1A03 /* ja */ = {isa = PBXFileReference; lastKnownFileType = text.plist.strings; name = ja; path = ja.lproj/Localizable.strings; sourceTree = "<group>"; };
		E631DF502232C20800CC1A03 /* ja */ = {isa = PBXFileReference; lastKnownFileType = text.plist.strings; name = ja; path = ja.lproj/InfoPlist.strings; sourceTree = "<group>"; };
		E6358E15222D7E660084E9CB /* Setting.storyboard */ = {isa = PBXFileReference; lastKnownFileType = file.storyboard; path = Setting.storyboard; sourceTree = "<group>"; };
		E6358E17222D7E850084E9CB /* SettingsViewController.swift */ = {isa = PBXFileReference; lastKnownFileType = sourcecode.swift; path = SettingsViewController.swift; sourceTree = "<group>"; };
		E67C3A0222261C1400551AC6 /* Activity.storyboard */ = {isa = PBXFileReference; lastKnownFileType = file.storyboard; path = Activity.storyboard; sourceTree = "<group>"; };
		E67C3A0422261C2200551AC6 /* Direction.storyboard */ = {isa = PBXFileReference; lastKnownFileType = file.storyboard; path = Direction.storyboard; sourceTree = "<group>"; };
		E67C3A0622261C3800551AC6 /* Map.storyboard */ = {isa = PBXFileReference; lastKnownFileType = file.storyboard; path = Map.storyboard; sourceTree = "<group>"; };
		E67C3A0822263DB600551AC6 /* DirectionViewController.swift */ = {isa = PBXFileReference; lastKnownFileType = sourcecode.swift; path = DirectionViewController.swift; sourceTree = "<group>"; };
		E67C3A0C2226428A00551AC6 /* ActivityViewController.swift */ = {isa = PBXFileReference; lastKnownFileType = sourcecode.swift; path = ActivityViewController.swift; sourceTree = "<group>"; };
		E67C3A0E2226429300551AC6 /* MapViewController.swift */ = {isa = PBXFileReference; lastKnownFileType = sourcecode.swift; path = MapViewController.swift; sourceTree = "<group>"; };
		E67C3A10222643B200551AC6 /* ActivityCollectionViewCell.swift */ = {isa = PBXFileReference; lastKnownFileType = sourcecode.swift; path = ActivityCollectionViewCell.swift; sourceTree = "<group>"; };
		E67C3A1222267E0C00551AC6 /* ActivityData.swift */ = {isa = PBXFileReference; lastKnownFileType = sourcecode.swift; path = ActivityData.swift; sourceTree = "<group>"; };
		E67C3A1D2226AB7100551AC6 /* HealthKit.framework */ = {isa = PBXFileReference; lastKnownFileType = wrapper.framework; name = HealthKit.framework; path = System/Library/Frameworks/HealthKit.framework; sourceTree = SDKROOT; };
		E67C3A1F2226AC4200551AC6 /* DireWalk.entitlements */ = {isa = PBXFileReference; lastKnownFileType = text.plist.entitlements; path = DireWalk.entitlements; sourceTree = "<group>"; };
		E67C3A2022291FED00551AC6 /* Tools.swift */ = {isa = PBXFileReference; lastKnownFileType = sourcecode.swift; path = Tools.swift; sourceTree = "<group>"; };
		E69F09AC2248E6B600B77F6E /* ArrowSettingsViewController.swift */ = {isa = PBXFileReference; lastKnownFileType = sourcecode.swift; path = ArrowSettingsViewController.swift; sourceTree = "<group>"; };
		E69F09AE2249094200B77F6E /* SliderTableViewCell.swift */ = {isa = PBXFileReference; lastKnownFileType = sourcecode.swift; path = SliderTableViewCell.swift; sourceTree = "<group>"; };
		E6A8097822354E2D0086E146 /* RequestLocation.storyboard */ = {isa = PBXFileReference; lastKnownFileType = file.storyboard; path = RequestLocation.storyboard; sourceTree = "<group>"; };
		E6A8097C22354E600086E146 /* RequestLocationViewController.swift */ = {isa = PBXFileReference; lastKnownFileType = sourcecode.swift; path = RequestLocationViewController.swift; sourceTree = "<group>"; };
		E6A8097F2235B9900086E146 /* TableViewExtensions.swift */ = {isa = PBXFileReference; lastKnownFileType = sourcecode.swift; path = TableViewExtensions.swift; sourceTree = "<group>"; };
		E6C437C3222386F800542844 /* DireWalk.app */ = {isa = PBXFileReference; explicitFileType = wrapper.application; includeInIndex = 0; path = DireWalk.app; sourceTree = BUILT_PRODUCTS_DIR; };
		E6C437C6222386F800542844 /* AppDelegate.swift */ = {isa = PBXFileReference; lastKnownFileType = sourcecode.swift; path = AppDelegate.swift; sourceTree = "<group>"; };
		E6C437C8222386F800542844 /* ViewController.swift */ = {isa = PBXFileReference; lastKnownFileType = sourcecode.swift; path = ViewController.swift; sourceTree = "<group>"; };
		E6C437CB222386F800542844 /* Base */ = {isa = PBXFileReference; lastKnownFileType = file.storyboard; name = Base; path = Base.lproj/Main.storyboard; sourceTree = "<group>"; };
		E6C437CD222386F900542844 /* Assets.xcassets */ = {isa = PBXFileReference; lastKnownFileType = folder.assetcatalog; path = Assets.xcassets; sourceTree = "<group>"; };
		E6C437D0222386F900542844 /* Base */ = {isa = PBXFileReference; lastKnownFileType = file.storyboard; name = Base; path = Base.lproj/LaunchScreen.storyboard; sourceTree = "<group>"; };
		E6C437D2222386F900542844 /* Info.plist */ = {isa = PBXFileReference; lastKnownFileType = text.plist.xml; path = Info.plist; sourceTree = "<group>"; };
		E6C437D7222386FA00542844 /* DireWalkTests.xctest */ = {isa = PBXFileReference; explicitFileType = wrapper.cfbundle; includeInIndex = 0; path = DireWalkTests.xctest; sourceTree = BUILT_PRODUCTS_DIR; };
		E6C437DB222386FA00542844 /* DireWalkTests.swift */ = {isa = PBXFileReference; lastKnownFileType = sourcecode.swift; path = DireWalkTests.swift; sourceTree = "<group>"; };
		E6C437DD222386FA00542844 /* Info.plist */ = {isa = PBXFileReference; lastKnownFileType = text.plist.xml; path = Info.plist; sourceTree = "<group>"; };
		E6C437E2222386FA00542844 /* DireWalkUITests.xctest */ = {isa = PBXFileReference; explicitFileType = wrapper.cfbundle; includeInIndex = 0; path = DireWalkUITests.xctest; sourceTree = BUILT_PRODUCTS_DIR; };
		E6C437E6222386FA00542844 /* DireWalkUITests.swift */ = {isa = PBXFileReference; lastKnownFileType = sourcecode.swift; path = DireWalkUITests.swift; sourceTree = "<group>"; };
		E6C437E8222386FA00542844 /* Info.plist */ = {isa = PBXFileReference; lastKnownFileType = text.plist.xml; path = Info.plist; sourceTree = "<group>"; };
		E6EA4051223F58D800BA27C2 /* GoogleService-Info.plist */ = {isa = PBXFileReference; fileEncoding = 4; lastKnownFileType = text.plist.xml; path = "GoogleService-Info.plist"; sourceTree = "<group>"; };
/* End PBXFileReference section */

/* Begin PBXFrameworksBuildPhase section */
		BA416238234C52A7006B5E5C /* Frameworks */ = {
			isa = PBXFrameworksBuildPhase;
			buildActionMask = 2147483647;
			files = (
			);
			runOnlyForDeploymentPostprocessing = 0;
		};
		E6C437C0222386F800542844 /* Frameworks */ = {
			isa = PBXFrameworksBuildPhase;
			buildActionMask = 2147483647;
			files = (
				BA98EB45236A031E008B08CD /* CloudKit.framework in Frameworks */,
				E67C3A1E2226AB7100551AC6 /* HealthKit.framework in Frameworks */,
				8A7575ED4287F9EDBC493045 /* Pods_DireWalk.framework in Frameworks */,
			);
			runOnlyForDeploymentPostprocessing = 0;
		};
		E6C437D4222386FA00542844 /* Frameworks */ = {
			isa = PBXFrameworksBuildPhase;
			buildActionMask = 2147483647;
			files = (
				5B9453E8EE75841EACC6F1EF /* Pods_DireWalkTests.framework in Frameworks */,
			);
			runOnlyForDeploymentPostprocessing = 0;
		};
		E6C437DF222386FA00542844 /* Frameworks */ = {
			isa = PBXFrameworksBuildPhase;
			buildActionMask = 2147483647;
			files = (
				85DDE4D764C1FAEBCB55C2E8 /* Pods_DireWalkUITests.framework in Frameworks */,
			);
			runOnlyForDeploymentPostprocessing = 0;
		};
/* End PBXFrameworksBuildPhase section */

/* Begin PBXGroup section */
		BA259191232E6A1F00E9689E /* EditFavoriteView */ = {
			isa = PBXGroup;
			children = (
				BA259192232E6A4000E9689E /* EditFavorite.storyboard */,
				BA259194232E6A7200E9689E /* EditFavoriteViewController.swift */,
				BABAD4592330E07900976FFC /* MapTableViewCell.xib */,
				BABAD4572330C9CA00976FFC /* MapTableViewCell.swift */,
			);
			path = EditFavoriteView;
			sourceTree = "<group>";
		};
		BA274528232E87B900E12451 /* UITableView */ = {
			isa = PBXGroup;
			children = (
				BAAD978223315DFD003D30BE /* TableViewCells.md */,
				BAD5CA27231A664600499E17 /* TableViewSection.swift */,
				E6A8097F2235B9900086E146 /* TableViewExtensions.swift */,
				BA27452D232E883100E12451 /* Cells */,
			);
			path = UITableView;
			sourceTree = "<group>";
		};
		BA27452D232E883100E12451 /* Cells */ = {
			isa = PBXGroup;
			children = (
				BA274534232E89AB00E12451 /* DetailTableViewCell.xib */,
				BA274532232E897A00E12451 /* DetailTableViewCell.swift */,
				BABAD44D232F670B00976FFC /* SegmentedTableViewCell.xib */,
				BAC1FB98232C6EC600B5A866 /* SegmentedTableViewCell.swift */,
				BA274536232E987100E12451 /* SliderTableViewCell.xib */,
				E69F09AE2249094200B77F6E /* SliderTableViewCell.swift */,
				BA27452E232E890300E12451 /* TappableTableViewCell.xib */,
				BA274530232E891F00E12451 /* TappableTableViewCell.swift */,
				BA274526232E812800E12451 /* TextTableViewCell.xib */,
				BA27452B232E880C00E12451 /* TextTableViewCell.swift */,
				BABAD451232F87F500976FFC /* TextFieldTableViewCell.xib */,
				BABAD44F232F77A200976FFC /* TextFieldTableViewCell.swift */,
				BA6210CF23312A2F007D548F /* TitleTableViewCell.xib */,
				BA6210CD23312975007D548F /* TitleTableViewCell.swift */,
				BA274524232E80E200E12451 /* ToggleTableViewCell.xib */,
				BA274529232E87FD00E12451 /* ToggleTableViewCell.swift */,
			);
			path = Cells;
			sourceTree = "<group>";
		};
		BA416230234C52A3006B5E5C /* DireWalk for watchOS */ = {
			isa = PBXGroup;
			children = (
				BA416231234C52A3006B5E5C /* Interface.storyboard */,
				BA416234234C52A7006B5E5C /* Assets.xcassets */,
				BA416236234C52A7006B5E5C /* Info.plist */,
			);
			path = "DireWalk for watchOS";
			sourceTree = "<group>";
		};
		BA41623F234C52A7006B5E5C /* DireWalk for watchOS Extension */ = {
			isa = PBXGroup;
			children = (
				BA6B6EA923B334CA006A7635 /* ModelWithCombine.swift */,
				BA6B6ECF23B3A760006A7635 /* Views */,
				BA6B6EC823B3A44A006A7635 /* HostingController.swift */,
				BA416244234C52A7006B5E5C /* ExtensionDelegate.swift */,
				BA416246234C52A7006B5E5C /* NotificationController.swift */,
				BA416248234C52A7006B5E5C /* NotificationView.swift */,
				BA41624A234C52A8006B5E5C /* Assets.xcassets */,
				BA41624F234C52A8006B5E5C /* Info.plist */,
				BA416250234C52A8006B5E5C /* PushNotificationPayload.apns */,
				BA41624C234C52A8006B5E5C /* Preview Content */,
			);
			path = "DireWalk for watchOS Extension";
			sourceTree = "<group>";
		};
		BA41624C234C52A8006B5E5C /* Preview Content */ = {
			isa = PBXGroup;
			children = (
				BA41624D234C52A8006B5E5C /* Preview Assets.xcassets */,
			);
			path = "Preview Content";
			sourceTree = "<group>";
		};
		BA448E2A232E3585006799D4 /* Models */ = {
			isa = PBXGroup;
			children = (
				BAF229372314DD9A00D75930 /* ViewModel.swift */,
				BA4274662312B3CC00CD3796 /* Model.swift */,
				BA8ED9112321817800A1232D /* Settings.swift */,
				BAC1FB922329EC4B00B5A866 /* LocationController.swift */,
			);
			path = Models;
			sourceTree = "<group>";
		};
		BA583D03236C2ECA00A088FA /* NearPlace */ = {
			isa = PBXGroup;
			children = (
			);
			path = NearPlace;
			sourceTree = "<group>";
		};
		BA59EBEB231972C40037EF6B /* DireWalkShareExtension */ = {
			isa = PBXGroup;
			children = (
				BA59EBEC231972C40037EF6B /* ShareViewController.swift */,
				BA59EBEE231972C40037EF6B /* MainInterface.storyboard */,
				BA59EBF1231972C40037EF6B /* Info.plist */,
			);
			path = DireWalkShareExtension;
			sourceTree = "<group>";
		};
		BA6B6EBE23B39E68006A7635 /* UIKit++ */ = {
			isa = PBXGroup;
			children = (
				BA6B6EBA23B39DA9006A7635 /* NSAttributedString++.swift */,
				BA6B6EBC23B39E00006A7635 /* UIGestureRecognizer++.swift */,
				BA6B6EB623B39D2B006A7635 /* UIPageViewController++.swift */,
				BA6B6EB823B39D8C006A7635 /* UISearchBar++.swift */,
				BA274528232E87B900E12451 /* UITableView */,
			);
			path = "UIKit++";
			sourceTree = "<group>";
		};
		BA6B6EBF23B39E9B006A7635 /* Library */ = {
			isa = PBXGroup;
			children = (
				BA6B6EB423B39CF9006A7635 /* Array++.swift */,
				BA6B6EC023B39F17006A7635 /* Date++.swift */,
				BA6B6EC223B39F35006A7635 /* String++.swift */,
			);
			path = Library;
			sourceTree = "<group>";
		};
		BA6B6EC423B3A01F006A7635 /* CoreLocation++ */ = {
			isa = PBXGroup;
			children = (
				BA6B6EC523B3A074006A7635 /* CLPlacemark++.swift */,
			);
			path = "CoreLocation++";
			sourceTree = "<group>";
		};
		BA6B6ECF23B3A760006A7635 /* Views */ = {
			isa = PBXGroup;
			children = (
				BA6B6ED323B3A773006A7635 /* ContentView.swift */,
				BA6B6ED423B3A773006A7635 /* FavoriteList.swift */,
				BA6B6ED123B3A773006A7635 /* MapView.swift */,
				BA6B6ED023B3A772006A7635 /* PlaceRaw.swift */,
				BA6B6ED223B3A773006A7635 /* SearchView.swift */,
			);
			path = Views;
			sourceTree = "<group>";
		};
		BAD5CA26231A662A00499E17 /* ArrowColor */ = {
			isa = PBXGroup;
			children = (
				BAC1FB94232C60F900B5A866 /* ArrowSetting.storyboard */,
				E69F09AC2248E6B600B77F6E /* ArrowSettingsViewController.swift */,
			);
			path = ArrowColor;
			sourceTree = "<group>";
		};
		BAD5CA2B231A72F200499E17 /* UserDefaults */ = {
			isa = PBXGroup;
			children = (
				BA4274682312CA5700CD3796 /* UserDefaultsWrapper.swift */,
				BAF229392316A00400D75930 /* UserDefaultsExtension.swift */,
				BAD5CA2C231A730900499E17 /* UserDefaultConvertibles.swift */,
			);
			path = UserDefaults;
			sourceTree = "<group>";
		};
		BAF2293B23181B1200D75930 /* Tools */ = {
			isa = PBXGroup;
			children = (
				BA59EBE22319552B0037EF6B /* UserDefaultKeys.swift */,
				BAF2293C23181B3400D75930 /* NotificationNames.swift */,
				BA59EBE42319556C0037EF6B /* MyColor.swift */,
				E67C3A2022291FED00551AC6 /* Tools.swift */,
				BA6B6EBF23B39E9B006A7635 /* Library */,
				BAD5CA2B231A72F200499E17 /* UserDefaults */,
				BA6B6EBE23B39E68006A7635 /* UIKit++ */,
				BA6B6EC423B3A01F006A7635 /* CoreLocation++ */,
			);
			path = Tools;
			sourceTree = "<group>";
		};
		BAF6B89E2322107600A98E88 /* SearchTableViewCell */ = {
			isa = PBXGroup;
			children = (
				BA26E8F72320D9FB00A18652 /* SearchTableViewCell.xib */,
				BA26E8F52320D9CF00A18652 /* SearchTableViewCell.swift */,
				BA8ED9132322098300A1232D /* SearchCellModel.swift */,
			);
			path = SearchTableViewCell;
			sourceTree = "<group>";
		};
		BAF9A05F23705D3B00F354A2 /* New UI? */ = {
			isa = PBXGroup;
			children = (
				BAF9A05D23705D3600F354A2 /* MyButton.swift */,
			);
			path = "New UI?";
			sourceTree = "<group>";
		};
		CE2A30B13E534BEAACFAE82C /* Pods */ = {
			isa = PBXGroup;
			children = (
				11900438587AFCB618FB10AC /* Pods-DireWalk.debug.xcconfig */,
				B70BF1FEBCD467FDAD7CAEE8 /* Pods-DireWalk.release.xcconfig */,
				1FE94CE3DA4BE688A5312CD3 /* Pods-DireWalkTests.debug.xcconfig */,
				9C25B50BC868A003B4F96F1E /* Pods-DireWalkTests.release.xcconfig */,
				E62F7574A2A73FEA89837089 /* Pods-DireWalkUITests.debug.xcconfig */,
				7372F7D2370C50844CB32966 /* Pods-DireWalkUITests.release.xcconfig */,
			);
			path = Pods;
			sourceTree = "<group>";
		};
		E6358E14222D7E480084E9CB /* Settings */ = {
			isa = PBXGroup;
			children = (
				E6358E15222D7E660084E9CB /* Setting.storyboard */,
				E6358E17222D7E850084E9CB /* SettingsViewController.swift */,
				BAD5CA29231A68BD00499E17 /* SettingsTableViewDataSource.swift */,
				BAD5CA26231A662A00499E17 /* ArrowColor */,
			);
			path = Settings;
			sourceTree = "<group>";
		};
		E67C39FF22261B9500551AC6 /* DirectionView */ = {
			isa = PBXGroup;
			children = (
				E67C3A0422261C2200551AC6 /* Direction.storyboard */,
				E67C3A0822263DB600551AC6 /* DirectionViewController.swift */,
				BA92A498233A1080000E3BC2 /* DirectionViewModel.swift */,
			);
			path = DirectionView;
			sourceTree = "<group>";
		};
		E67C3A0022261BCD00551AC6 /* ActivityView */ = {
			isa = PBXGroup;
			children = (
				E67C3A0222261C1400551AC6 /* Activity.storyboard */,
				E67C3A0C2226428A00551AC6 /* ActivityViewController.swift */,
				E67C3A10222643B200551AC6 /* ActivityCollectionViewCell.swift */,
				E67C3A1222267E0C00551AC6 /* ActivityData.swift */,
			);
			path = ActivityView;
			sourceTree = "<group>";
		};
		E67C3A0122261BDC00551AC6 /* MapView */ = {
			isa = PBXGroup;
			children = (
				E67C3A0622261C3800551AC6 /* Map.storyboard */,
				E67C3A0E2226429300551AC6 /* MapViewController.swift */,
				BA6210CB233115A1007D548F /* ZoomableMapView.swift */,
				BA59EBF9231976760037EF6B /* Annotation.swift */,
				BAF6B89E2322107600A98E88 /* SearchTableViewCell */,
			);
			path = MapView;
			sourceTree = "<group>";
		};
		E67C3A15222698E600551AC6 /* Frameworks */ = {
			isa = PBXGroup;
			children = (
				BA98EB44236A031E008B08CD /* CloudKit.framework */,
				E67C3A1D2226AB7100551AC6 /* HealthKit.framework */,
				48008B15EC0AC67676027950 /* Pods_DireWalk.framework */,
				4FFCE3EF6E7FFE8BF2A5063E /* Pods_DireWalkTests.framework */,
				66ABC43BEDC52AE058FA4BF1 /* Pods_DireWalkUITests.framework */,
			);
			name = Frameworks;
			sourceTree = "<group>";
		};
		E6A8097A22354E350086E146 /* RequestLocation */ = {
			isa = PBXGroup;
			children = (
				E6A8097822354E2D0086E146 /* RequestLocation.storyboard */,
				E6A8097C22354E600086E146 /* RequestLocationViewController.swift */,
			);
			path = RequestLocation;
			sourceTree = "<group>";
		};
		E6C437BA222386F800542844 = {
			isa = PBXGroup;
			children = (
				BAAD978323324BFE003D30BE /* Default-568h@2x.png */,
				E6C437C5222386F800542844 /* DireWalk */,
				E6C437DA222386FA00542844 /* DireWalkTests */,
				E6C437E5222386FA00542844 /* DireWalkUITests */,
				BA59EBEB231972C40037EF6B /* DireWalkShareExtension */,
				BA416230234C52A3006B5E5C /* DireWalk for watchOS */,
				BA41623F234C52A7006B5E5C /* DireWalk for watchOS Extension */,
				E6C437C4222386F800542844 /* Products */,
				E67C3A15222698E600551AC6 /* Frameworks */,
				CE2A30B13E534BEAACFAE82C /* Pods */,
			);
			sourceTree = "<group>";
		};
		E6C437C4222386F800542844 /* Products */ = {
			isa = PBXGroup;
			children = (
				E6C437C3222386F800542844 /* DireWalk.app */,
				E6C437D7222386FA00542844 /* DireWalkTests.xctest */,
				E6C437E2222386FA00542844 /* DireWalkUITests.xctest */,
				BA41622F234C52A3006B5E5C /* DireWalk for watchOS.app */,
				BA41623B234C52A7006B5E5C /* DireWalk for watchOS Extension.appex */,
			);
			name = Products;
			sourceTree = "<group>";
		};
		E6C437C5222386F800542844 /* DireWalk */ = {
			isa = PBXGroup;
			children = (
				E67C3A1F2226AC4200551AC6 /* DireWalk.entitlements */,
				E6C437C6222386F800542844 /* AppDelegate.swift */,
				E6C437CD222386F900542844 /* Assets.xcassets */,
				BAF229352314DD7700D75930 /* Place.swift */,
				BAF9A05F23705D3B00F354A2 /* New UI? */,
				BA448E2A232E3585006799D4 /* Models */,
				BAF2293B23181B1200D75930 /* Tools */,
				E6C437CA222386F800542844 /* Main.storyboard */,
				E6C437C8222386F800542844 /* ViewController.swift */,
				BA259191232E6A1F00E9689E /* EditFavoriteView */,
				E67C39FF22261B9500551AC6 /* DirectionView */,
				E67C3A0122261BDC00551AC6 /* MapView */,
				E67C3A0022261BCD00551AC6 /* ActivityView */,
				BA583D03236C2ECA00A088FA /* NearPlace */,
				E6358E14222D7E480084E9CB /* Settings */,
				E6A8097A22354E350086E146 /* RequestLocation */,
				E6C437CF222386F900542844 /* LaunchScreen.storyboard */,
				E6C437D2222386F900542844 /* Info.plist */,
				E631DF512232C20800CC1A03 /* InfoPlist.strings */,
				E6EA4051223F58D800BA27C2 /* GoogleService-Info.plist */,
				E631DF4B2232BDAE00CC1A03 /* Localizable.strings */,
			);
			path = DireWalk;
			sourceTree = "<group>";
		};
		E6C437DA222386FA00542844 /* DireWalkTests */ = {
			isa = PBXGroup;
			children = (
				E6C437DB222386FA00542844 /* DireWalkTests.swift */,
				E6C437DD222386FA00542844 /* Info.plist */,
			);
			path = DireWalkTests;
			sourceTree = "<group>";
		};
		E6C437E5222386FA00542844 /* DireWalkUITests */ = {
			isa = PBXGroup;
			children = (
				E6C437E6222386FA00542844 /* DireWalkUITests.swift */,
				E6C437E8222386FA00542844 /* Info.plist */,
			);
			path = DireWalkUITests;
			sourceTree = "<group>";
		};
/* End PBXGroup section */

/* Begin PBXNativeTarget section */
		BA41622E234C52A3006B5E5C /* DireWalk for watchOS */ = {
			isa = PBXNativeTarget;
			buildConfigurationList = BA41625B234C52A8006B5E5C /* Build configuration list for PBXNativeTarget "DireWalk for watchOS" */;
			buildPhases = (
				BA41622D234C52A3006B5E5C /* Resources */,
				BA416257234C52A8006B5E5C /* Embed App Extensions */,
			);
			buildRules = (
			);
			dependencies = (
				BA41623E234C52A7006B5E5C /* PBXTargetDependency */,
			);
			name = "DireWalk for watchOS";
			productName = "DireWalk for watchOS";
			productReference = BA41622F234C52A3006B5E5C /* DireWalk for watchOS.app */;
			productType = "com.apple.product-type.application.watchapp2";
		};
		BA41623A234C52A7006B5E5C /* DireWalk for watchOS Extension */ = {
			isa = PBXNativeTarget;
			buildConfigurationList = BA41625A234C52A8006B5E5C /* Build configuration list for PBXNativeTarget "DireWalk for watchOS Extension" */;
			buildPhases = (
				BA416237234C52A7006B5E5C /* Sources */,
				BA416238234C52A7006B5E5C /* Frameworks */,
				BA416239234C52A7006B5E5C /* Resources */,
			);
			buildRules = (
			);
			dependencies = (
			);
			name = "DireWalk for watchOS Extension";
			productName = "DireWalk for watchOS Extension";
			productReference = BA41623B234C52A7006B5E5C /* DireWalk for watchOS Extension.appex */;
			productType = "com.apple.product-type.watchkit2-extension";
		};
		E6C437C2222386F800542844 /* DireWalk */ = {
			isa = PBXNativeTarget;
			buildConfigurationList = E6C437EB222386FA00542844 /* Build configuration list for PBXNativeTarget "DireWalk" */;
			buildPhases = (
				78EED443E8615E9A119199FC /* [CP] Check Pods Manifest.lock */,
				E6C437BF222386F800542844 /* Sources */,
				E6C437C0222386F800542844 /* Frameworks */,
				E6C437C1222386F800542844 /* Resources */,
				63C8A41218FD2C4908D0702B /* [CP] Embed Pods Frameworks */,
				BA59EBF8231972C40037EF6B /* Embed App Extensions */,
				BA416254234C52A8006B5E5C /* Embed Watch Content */,
			);
			buildRules = (
			);
			dependencies = (
				BA416252234C52A8006B5E5C /* PBXTargetDependency */,
			);
			name = DireWalk;
			productName = DireWalk;
			productReference = E6C437C3222386F800542844 /* DireWalk.app */;
			productType = "com.apple.product-type.application";
		};
		E6C437D6222386FA00542844 /* DireWalkTests */ = {
			isa = PBXNativeTarget;
			buildConfigurationList = E6C437EE222386FA00542844 /* Build configuration list for PBXNativeTarget "DireWalkTests" */;
			buildPhases = (
				7D0993228371AC040920B7B7 /* [CP] Check Pods Manifest.lock */,
				E6C437D3222386FA00542844 /* Sources */,
				E6C437D4222386FA00542844 /* Frameworks */,
				E6C437D5222386FA00542844 /* Resources */,
				0ACD436FEC904AD070AC9484 /* [CP] Embed Pods Frameworks */,
			);
			buildRules = (
			);
			dependencies = (
				E6C437D9222386FA00542844 /* PBXTargetDependency */,
			);
			name = DireWalkTests;
			productName = DireWalkTests;
			productReference = E6C437D7222386FA00542844 /* DireWalkTests.xctest */;
			productType = "com.apple.product-type.bundle.unit-test";
		};
		E6C437E1222386FA00542844 /* DireWalkUITests */ = {
			isa = PBXNativeTarget;
			buildConfigurationList = E6C437F1222386FA00542844 /* Build configuration list for PBXNativeTarget "DireWalkUITests" */;
			buildPhases = (
				67C8509625820E53D1056BD1 /* [CP] Check Pods Manifest.lock */,
				E6C437DE222386FA00542844 /* Sources */,
				E6C437DF222386FA00542844 /* Frameworks */,
				E6C437E0222386FA00542844 /* Resources */,
				353FBC36D318FAE2386E2025 /* [CP] Embed Pods Frameworks */,
			);
			buildRules = (
			);
			dependencies = (
				E6C437E4222386FA00542844 /* PBXTargetDependency */,
			);
			name = DireWalkUITests;
			productName = DireWalkUITests;
			productReference = E6C437E2222386FA00542844 /* DireWalkUITests.xctest */;
			productType = "com.apple.product-type.bundle.ui-testing";
		};
/* End PBXNativeTarget section */

/* Begin PBXProject section */
		E6C437BB222386F800542844 /* Project object */ = {
			isa = PBXProject;
			attributes = {
				LastSwiftUpdateCheck = 1120;
				LastUpgradeCheck = 1010;
				ORGANIZATIONNAME = "麻生昌志";
				TargetAttributes = {
					BA41622E234C52A3006B5E5C = {
						CreatedOnToolsVersion = 11.2;
					};
					BA41623A234C52A7006B5E5C = {
						CreatedOnToolsVersion = 11.2;
					};
					E6C437C2222386F800542844 = {
						CreatedOnToolsVersion = 10.1;
						LastSwiftMigration = 1020;
						SystemCapabilities = {
							com.apple.HealthKit = {
								enabled = 1;
							};
							com.apple.HomeKit = {
								enabled = 0;
							};
							com.apple.Maps.iOS = {
								enabled = 0;
							};
						};
					};
					E6C437D6222386FA00542844 = {
						CreatedOnToolsVersion = 10.1;
						LastSwiftMigration = 1020;
						TestTargetID = E6C437C2222386F800542844;
					};
					E6C437E1222386FA00542844 = {
						CreatedOnToolsVersion = 10.1;
						LastSwiftMigration = 1020;
						TestTargetID = E6C437C2222386F800542844;
					};
				};
			};
			buildConfigurationList = E6C437BE222386F800542844 /* Build configuration list for PBXProject "DireWalk" */;
			compatibilityVersion = "Xcode 9.3";
			developmentRegion = en;
			hasScannedForEncodings = 0;
			knownRegions = (
				en,
				Base,
				ja,
			);
			mainGroup = E6C437BA222386F800542844;
			productRefGroup = E6C437C4222386F800542844 /* Products */;
			projectDirPath = "";
			projectRoot = "";
			targets = (
				E6C437C2222386F800542844 /* DireWalk */,
				E6C437D6222386FA00542844 /* DireWalkTests */,
				E6C437E1222386FA00542844 /* DireWalkUITests */,
				BA41622E234C52A3006B5E5C /* DireWalk for watchOS */,
				BA41623A234C52A7006B5E5C /* DireWalk for watchOS Extension */,
			);
		};
/* End PBXProject section */

/* Begin PBXResourcesBuildPhase section */
		BA41622D234C52A3006B5E5C /* Resources */ = {
			isa = PBXResourcesBuildPhase;
			buildActionMask = 2147483647;
			files = (
				BA416235234C52A7006B5E5C /* Assets.xcassets in Resources */,
				BA416233234C52A3006B5E5C /* Interface.storyboard in Resources */,
			);
			runOnlyForDeploymentPostprocessing = 0;
		};
		BA416239234C52A7006B5E5C /* Resources */ = {
			isa = PBXResourcesBuildPhase;
			buildActionMask = 2147483647;
			files = (
				BA41624E234C52A8006B5E5C /* Preview Assets.xcassets in Resources */,
				BA41624B234C52A8006B5E5C /* Assets.xcassets in Resources */,
			);
			runOnlyForDeploymentPostprocessing = 0;
		};
		E6C437C1222386F800542844 /* Resources */ = {
			isa = PBXResourcesBuildPhase;
			buildActionMask = 2147483647;
			files = (
				BABAD45A2330E07900976FFC /* MapTableViewCell.xib in Resources */,
				E6C437D1222386F900542844 /* LaunchScreen.storyboard in Resources */,
				BA274537232E987100E12451 /* SliderTableViewCell.xib in Resources */,
				BA6210D023312A2F007D548F /* TitleTableViewCell.xib in Resources */,
				BABAD44E232F670B00976FFC /* SegmentedTableViewCell.xib in Resources */,
				BAAD978423324BFF003D30BE /* Default-568h@2x.png in Resources */,
				E6A8097922354E2D0086E146 /* RequestLocation.storyboard in Resources */,
				BABAD452232F87F500976FFC /* TextFieldTableViewCell.xib in Resources */,
				E6C437CE222386F900542844 /* Assets.xcassets in Resources */,
				BA27452F232E890300E12451 /* TappableTableViewCell.xib in Resources */,
				BAC1FB95232C60F900B5A866 /* ArrowSetting.storyboard in Resources */,
				E6358E16222D7E660084E9CB /* Setting.storyboard in Resources */,
				E67C3A0522261C2200551AC6 /* Direction.storyboard in Resources */,
				BA26E8F82320D9FB00A18652 /* SearchTableViewCell.xib in Resources */,
				E6C437CC222386F800542844 /* Main.storyboard in Resources */,
				BA259193232E6A4000E9689E /* EditFavorite.storyboard in Resources */,
				BA274535232E89AB00E12451 /* DetailTableViewCell.xib in Resources */,
				BA274525232E80E200E12451 /* ToggleTableViewCell.xib in Resources */,
				E631DF492232BDAE00CC1A03 /* Localizable.strings in Resources */,
				E67C3A0322261C1400551AC6 /* Activity.storyboard in Resources */,
				E631DF4F2232C20800CC1A03 /* InfoPlist.strings in Resources */,
				E6EA4052223F58D800BA27C2 /* GoogleService-Info.plist in Resources */,
				BA274527232E812800E12451 /* TextTableViewCell.xib in Resources */,
				E67C3A0722261C3800551AC6 /* Map.storyboard in Resources */,
			);
			runOnlyForDeploymentPostprocessing = 0;
		};
		E6C437D5222386FA00542844 /* Resources */ = {
			isa = PBXResourcesBuildPhase;
			buildActionMask = 2147483647;
			files = (
			);
			runOnlyForDeploymentPostprocessing = 0;
		};
		E6C437E0222386FA00542844 /* Resources */ = {
			isa = PBXResourcesBuildPhase;
			buildActionMask = 2147483647;
			files = (
			);
			runOnlyForDeploymentPostprocessing = 0;
		};
/* End PBXResourcesBuildPhase section */

/* Begin PBXShellScriptBuildPhase section */
		0ACD436FEC904AD070AC9484 /* [CP] Embed Pods Frameworks */ = {
			isa = PBXShellScriptBuildPhase;
			buildActionMask = 2147483647;
			files = (
			);
			inputFileListPaths = (
				"${PODS_ROOT}/Target Support Files/Pods-DireWalkTests/Pods-DireWalkTests-frameworks-${CONFIGURATION}-input-files.xcfilelist",
			);
			name = "[CP] Embed Pods Frameworks";
			outputFileListPaths = (
				"${PODS_ROOT}/Target Support Files/Pods-DireWalkTests/Pods-DireWalkTests-frameworks-${CONFIGURATION}-output-files.xcfilelist",
			);
			runOnlyForDeploymentPostprocessing = 0;
			shellPath = /bin/sh;
			shellScript = "\"${PODS_ROOT}/Target Support Files/Pods-DireWalkTests/Pods-DireWalkTests-frameworks.sh\"\n";
			showEnvVarsInLog = 0;
		};
		353FBC36D318FAE2386E2025 /* [CP] Embed Pods Frameworks */ = {
			isa = PBXShellScriptBuildPhase;
			buildActionMask = 2147483647;
			files = (
			);
			inputFileListPaths = (
				"${PODS_ROOT}/Target Support Files/Pods-DireWalkUITests/Pods-DireWalkUITests-frameworks-${CONFIGURATION}-input-files.xcfilelist",
			);
			name = "[CP] Embed Pods Frameworks";
			outputFileListPaths = (
				"${PODS_ROOT}/Target Support Files/Pods-DireWalkUITests/Pods-DireWalkUITests-frameworks-${CONFIGURATION}-output-files.xcfilelist",
			);
			runOnlyForDeploymentPostprocessing = 0;
			shellPath = /bin/sh;
			shellScript = "\"${PODS_ROOT}/Target Support Files/Pods-DireWalkUITests/Pods-DireWalkUITests-frameworks.sh\"\n";
			showEnvVarsInLog = 0;
		};
		63C8A41218FD2C4908D0702B /* [CP] Embed Pods Frameworks */ = {
			isa = PBXShellScriptBuildPhase;
			buildActionMask = 2147483647;
			files = (
			);
			inputFileListPaths = (
				"${PODS_ROOT}/Target Support Files/Pods-DireWalk/Pods-DireWalk-frameworks-${CONFIGURATION}-input-files.xcfilelist",
			);
			name = "[CP] Embed Pods Frameworks";
			outputFileListPaths = (
				"${PODS_ROOT}/Target Support Files/Pods-DireWalk/Pods-DireWalk-frameworks-${CONFIGURATION}-output-files.xcfilelist",
			);
			runOnlyForDeploymentPostprocessing = 0;
			shellPath = /bin/sh;
			shellScript = "\"${PODS_ROOT}/Target Support Files/Pods-DireWalk/Pods-DireWalk-frameworks.sh\"\n";
			showEnvVarsInLog = 0;
		};
		67C8509625820E53D1056BD1 /* [CP] Check Pods Manifest.lock */ = {
			isa = PBXShellScriptBuildPhase;
			buildActionMask = 2147483647;
			files = (
			);
			inputFileListPaths = (
			);
			inputPaths = (
				"${PODS_PODFILE_DIR_PATH}/Podfile.lock",
				"${PODS_ROOT}/Manifest.lock",
			);
			name = "[CP] Check Pods Manifest.lock";
			outputFileListPaths = (
			);
			outputPaths = (
				"$(DERIVED_FILE_DIR)/Pods-DireWalkUITests-checkManifestLockResult.txt",
			);
			runOnlyForDeploymentPostprocessing = 0;
			shellPath = /bin/sh;
			shellScript = "diff \"${PODS_PODFILE_DIR_PATH}/Podfile.lock\" \"${PODS_ROOT}/Manifest.lock\" > /dev/null\nif [ $? != 0 ] ; then\n    # print error to STDERR\n    echo \"error: The sandbox is not in sync with the Podfile.lock. Run 'pod install' or update your CocoaPods installation.\" >&2\n    exit 1\nfi\n# This output is used by Xcode 'outputs' to avoid re-running this script phase.\necho \"SUCCESS\" > \"${SCRIPT_OUTPUT_FILE_0}\"\n";
			showEnvVarsInLog = 0;
		};
		78EED443E8615E9A119199FC /* [CP] Check Pods Manifest.lock */ = {
			isa = PBXShellScriptBuildPhase;
			buildActionMask = 2147483647;
			files = (
			);
			inputFileListPaths = (
			);
			inputPaths = (
				"${PODS_PODFILE_DIR_PATH}/Podfile.lock",
				"${PODS_ROOT}/Manifest.lock",
			);
			name = "[CP] Check Pods Manifest.lock";
			outputFileListPaths = (
			);
			outputPaths = (
				"$(DERIVED_FILE_DIR)/Pods-DireWalk-checkManifestLockResult.txt",
			);
			runOnlyForDeploymentPostprocessing = 0;
			shellPath = /bin/sh;
			shellScript = "diff \"${PODS_PODFILE_DIR_PATH}/Podfile.lock\" \"${PODS_ROOT}/Manifest.lock\" > /dev/null\nif [ $? != 0 ] ; then\n    # print error to STDERR\n    echo \"error: The sandbox is not in sync with the Podfile.lock. Run 'pod install' or update your CocoaPods installation.\" >&2\n    exit 1\nfi\n# This output is used by Xcode 'outputs' to avoid re-running this script phase.\necho \"SUCCESS\" > \"${SCRIPT_OUTPUT_FILE_0}\"\n";
			showEnvVarsInLog = 0;
		};
		7D0993228371AC040920B7B7 /* [CP] Check Pods Manifest.lock */ = {
			isa = PBXShellScriptBuildPhase;
			buildActionMask = 2147483647;
			files = (
			);
			inputFileListPaths = (
			);
			inputPaths = (
				"${PODS_PODFILE_DIR_PATH}/Podfile.lock",
				"${PODS_ROOT}/Manifest.lock",
			);
			name = "[CP] Check Pods Manifest.lock";
			outputFileListPaths = (
			);
			outputPaths = (
				"$(DERIVED_FILE_DIR)/Pods-DireWalkTests-checkManifestLockResult.txt",
			);
			runOnlyForDeploymentPostprocessing = 0;
			shellPath = /bin/sh;
			shellScript = "diff \"${PODS_PODFILE_DIR_PATH}/Podfile.lock\" \"${PODS_ROOT}/Manifest.lock\" > /dev/null\nif [ $? != 0 ] ; then\n    # print error to STDERR\n    echo \"error: The sandbox is not in sync with the Podfile.lock. Run 'pod install' or update your CocoaPods installation.\" >&2\n    exit 1\nfi\n# This output is used by Xcode 'outputs' to avoid re-running this script phase.\necho \"SUCCESS\" > \"${SCRIPT_OUTPUT_FILE_0}\"\n";
			showEnvVarsInLog = 0;
		};
/* End PBXShellScriptBuildPhase section */

/* Begin PBXSourcesBuildPhase section */
		BA416237234C52A7006B5E5C /* Sources */ = {
			isa = PBXSourcesBuildPhase;
			buildActionMask = 2147483647;
			files = (
				BA6B6ED523B3A773006A7635 /* PlaceRaw.swift in Sources */,
				BA6B6EB023B33540006A7635 /* UserDefaultsExtension.swift in Sources */,
				BA6B6EAB23B33536006A7635 /* UserDefaultKeys.swift in Sources */,
				BA6B6EAF23B33540006A7635 /* UserDefaultsWrapper.swift in Sources */,
				BA6B6EB223B3374E006A7635 /* Place.swift in Sources */,
				BA6B6EC923B3A44A006A7635 /* HostingController.swift in Sources */,
				BA6B6EAC23B33536006A7635 /* NotificationNames.swift in Sources */,
				BA6B6ED623B3A773006A7635 /* MapView.swift in Sources */,
				BA6B6EB123B33540006A7635 /* UserDefaultConvertibles.swift in Sources */,
				BA6B6ED923B3A773006A7635 /* FavoriteList.swift in Sources */,
				BA416247234C52A7006B5E5C /* NotificationController.swift in Sources */,
				BA6B6ED723B3A773006A7635 /* SearchView.swift in Sources */,
				BA6B6EAD23B33536006A7635 /* MyColor.swift in Sources */,
				BA6B6ECA23B3A483006A7635 /* Settings.swift in Sources */,
				BA416245234C52A7006B5E5C /* ExtensionDelegate.swift in Sources */,
				BA6B6EC723B3A164006A7635 /* LocationController.swift in Sources */,
				BA6B6ECD23B3A54C006A7635 /* String++.swift in Sources */,
				BA416249234C52A7006B5E5C /* NotificationView.swift in Sources */,
				BA6B6ED823B3A773006A7635 /* ContentView.swift in Sources */,
				BA6B6ECC23B3A54C006A7635 /* Date++.swift in Sources */,
				BA6B6ECB23B3A54C006A7635 /* Array++.swift in Sources */,
				BA6B6ECE23B3A554006A7635 /* CLPlacemark++.swift in Sources */,
				BA6B6EAA23B334CA006A7635 /* ModelWithCombine.swift in Sources */,
				BA6B6EAE23B33536006A7635 /* Tools.swift in Sources */,
			);
			runOnlyForDeploymentPostprocessing = 0;
		};
		E6C437BF222386F800542844 /* Sources */ = {
			isa = PBXSourcesBuildPhase;
			buildActionMask = 2147483647;
			files = (
				BA6210CE23312975007D548F /* TitleTableViewCell.swift in Sources */,
				BA8ED9122321817800A1232D /* Settings.swift in Sources */,
				E67C3A11222643B200551AC6 /* ActivityCollectionViewCell.swift in Sources */,
				BA4274672312B3CC00CD3796 /* Model.swift in Sources */,
				E69F09AF2249094200B77F6E /* SliderTableViewCell.swift in Sources */,
				BAC1FB99232C6EC600B5A866 /* SegmentedTableViewCell.swift in Sources */,
				BA6B6EC323B39F35006A7635 /* String++.swift in Sources */,
				BA59EBE52319556C0037EF6B /* MyColor.swift in Sources */,
				BAF9A05E23705D3600F354A2 /* MyButton.swift in Sources */,
				BA6B6EBB23B39DA9006A7635 /* NSAttributedString++.swift in Sources */,
				BAF2293A2316A00400D75930 /* UserDefaultsExtension.swift in Sources */,
				BA4274692312CA5700CD3796 /* UserDefaultsWrapper.swift in Sources */,
				BA6B6EB723B39D2B006A7635 /* UIPageViewController++.swift in Sources */,
				E67C3A2122291FEE00551AC6 /* Tools.swift in Sources */,
				E67C3A0F2226429300551AC6 /* MapViewController.swift in Sources */,
				BA8ED9142322098300A1232D /* SearchCellModel.swift in Sources */,
				E69F09AD2248E6B600B77F6E /* ArrowSettingsViewController.swift in Sources */,
				BAD5CA28231A664600499E17 /* TableViewSection.swift in Sources */,
				E6A8097D22354E600086E146 /* RequestLocationViewController.swift in Sources */,
				BA6B6EB923B39D8C006A7635 /* UISearchBar++.swift in Sources */,
				E6A809802235B9900086E146 /* TableViewExtensions.swift in Sources */,
				BAF229362314DD7700D75930 /* Place.swift in Sources */,
				BA26E8F62320D9CF00A18652 /* SearchTableViewCell.swift in Sources */,
				BA6210CC233115A1007D548F /* ZoomableMapView.swift in Sources */,
				BAD5CA2A231A68BD00499E17 /* SettingsTableViewDataSource.swift in Sources */,
				BA6B6EC623B3A074006A7635 /* CLPlacemark++.swift in Sources */,
				BA59EBFA231976760037EF6B /* Annotation.swift in Sources */,
				BAF229382314DD9A00D75930 /* ViewModel.swift in Sources */,
				BA274531232E891F00E12451 /* TappableTableViewCell.swift in Sources */,
				E67C3A1322267E0C00551AC6 /* ActivityData.swift in Sources */,
				E6C437C9222386F800542844 /* ViewController.swift in Sources */,
				BAC1FB932329EC4B00B5A866 /* LocationController.swift in Sources */,
				BA259195232E6A7200E9689E /* EditFavoriteViewController.swift in Sources */,
				BA92A499233A1080000E3BC2 /* DirectionViewModel.swift in Sources */,
				E6C437C7222386F800542844 /* AppDelegate.swift in Sources */,
				E67C3A0D2226428A00551AC6 /* ActivityViewController.swift in Sources */,
				BAF2293D23181B3400D75930 /* NotificationNames.swift in Sources */,
				BA6B6EC123B39F17006A7635 /* Date++.swift in Sources */,
				BA27452C232E880C00E12451 /* TextTableViewCell.swift in Sources */,
				BAD5CA2D231A730900499E17 /* UserDefaultConvertibles.swift in Sources */,
				BA59EBE32319552B0037EF6B /* UserDefaultKeys.swift in Sources */,
				BA274533232E897A00E12451 /* DetailTableViewCell.swift in Sources */,
				E67C3A0922263DB600551AC6 /* DirectionViewController.swift in Sources */,
				BABAD4582330C9CA00976FFC /* MapTableViewCell.swift in Sources */,
				E6358E18222D7E850084E9CB /* SettingsViewController.swift in Sources */,
				BA27452A232E87FD00E12451 /* ToggleTableViewCell.swift in Sources */,
				BABAD450232F77A200976FFC /* TextFieldTableViewCell.swift in Sources */,
				BA6B6EB523B39CF9006A7635 /* Array++.swift in Sources */,
				BA6B6EBD23B39E00006A7635 /* UIGestureRecognizer++.swift in Sources */,
			);
			runOnlyForDeploymentPostprocessing = 0;
		};
		E6C437D3222386FA00542844 /* Sources */ = {
			isa = PBXSourcesBuildPhase;
			buildActionMask = 2147483647;
			files = (
				E6C437DC222386FA00542844 /* DireWalkTests.swift in Sources */,
			);
			runOnlyForDeploymentPostprocessing = 0;
		};
		E6C437DE222386FA00542844 /* Sources */ = {
			isa = PBXSourcesBuildPhase;
			buildActionMask = 2147483647;
			files = (
				E6C437E7222386FA00542844 /* DireWalkUITests.swift in Sources */,
			);
			runOnlyForDeploymentPostprocessing = 0;
		};
/* End PBXSourcesBuildPhase section */

/* Begin PBXTargetDependency section */
		BA41623E234C52A7006B5E5C /* PBXTargetDependency */ = {
			isa = PBXTargetDependency;
			target = BA41623A234C52A7006B5E5C /* DireWalk for watchOS Extension */;
			targetProxy = BA41623D234C52A7006B5E5C /* PBXContainerItemProxy */;
		};
		BA416252234C52A8006B5E5C /* PBXTargetDependency */ = {
			isa = PBXTargetDependency;
			target = BA41622E234C52A3006B5E5C /* DireWalk for watchOS */;
			targetProxy = BA416251234C52A8006B5E5C /* PBXContainerItemProxy */;
		};
		E6C437D9222386FA00542844 /* PBXTargetDependency */ = {
			isa = PBXTargetDependency;
			target = E6C437C2222386F800542844 /* DireWalk */;
			targetProxy = E6C437D8222386FA00542844 /* PBXContainerItemProxy */;
		};
		E6C437E4222386FA00542844 /* PBXTargetDependency */ = {
			isa = PBXTargetDependency;
			target = E6C437C2222386F800542844 /* DireWalk */;
			targetProxy = E6C437E3222386FA00542844 /* PBXContainerItemProxy */;
		};
/* End PBXTargetDependency section */

/* Begin PBXVariantGroup section */
		BA416231234C52A3006B5E5C /* Interface.storyboard */ = {
			isa = PBXVariantGroup;
			children = (
				BA416232234C52A3006B5E5C /* Base */,
			);
			name = Interface.storyboard;
			sourceTree = "<group>";
		};
		BA59EBEE231972C40037EF6B /* MainInterface.storyboard */ = {
			isa = PBXVariantGroup;
			children = (
				BA59EBEF231972C40037EF6B /* Base */,
			);
			name = MainInterface.storyboard;
			sourceTree = "<group>";
		};
		E631DF4B2232BDAE00CC1A03 /* Localizable.strings */ = {
			isa = PBXVariantGroup;
			children = (
				E631DF4A2232BDAE00CC1A03 /* en */,
				E631DF4C2232BDDB00CC1A03 /* ja */,
			);
			name = Localizable.strings;
			sourceTree = "<group>";
		};
		E631DF512232C20800CC1A03 /* InfoPlist.strings */ = {
			isa = PBXVariantGroup;
			children = (
				E631DF502232C20800CC1A03 /* ja */,
			);
			name = InfoPlist.strings;
			sourceTree = "<group>";
		};
		E6C437CA222386F800542844 /* Main.storyboard */ = {
			isa = PBXVariantGroup;
			children = (
				E6C437CB222386F800542844 /* Base */,
			);
			name = Main.storyboard;
			sourceTree = "<group>";
		};
		E6C437CF222386F900542844 /* LaunchScreen.storyboard */ = {
			isa = PBXVariantGroup;
			children = (
				E6C437D0222386F900542844 /* Base */,
			);
			name = LaunchScreen.storyboard;
			sourceTree = "<group>";
		};
/* End PBXVariantGroup section */

/* Begin XCBuildConfiguration section */
		BA416255234C52A8006B5E5C /* Debug */ = {
			isa = XCBuildConfiguration;
			buildSettings = {
				ALWAYS_EMBED_SWIFT_STANDARD_LIBRARIES = YES;
				ASSETCATALOG_COMPILER_APPICON_NAME = AppIcon;
				CODE_SIGN_STYLE = Automatic;
				DEVELOPMENT_TEAM = 7947K7LHD3;
				IBSC_MODULE = DireWalk_for_watchOS_Extension;
				INFOPLIST_FILE = "DireWalk for watchOS/Info.plist";
				PRODUCT_BUNDLE_IDENTIFIER = "com.masasam-shi.DireWalk.watchkitapp";
				PRODUCT_NAME = "DireWalk for watchOS";
				SDKROOT = watchos;
				SKIP_INSTALL = YES;
				SWIFT_VERSION = 5.0;
				TARGETED_DEVICE_FAMILY = 4;
				WATCHOS_DEPLOYMENT_TARGET = 6.1;
			};
			name = Debug;
		};
		BA416256234C52A8006B5E5C /* Release */ = {
			isa = XCBuildConfiguration;
			buildSettings = {
				ALWAYS_EMBED_SWIFT_STANDARD_LIBRARIES = YES;
				ASSETCATALOG_COMPILER_APPICON_NAME = AppIcon;
				CODE_SIGN_STYLE = Automatic;
				DEVELOPMENT_TEAM = 7947K7LHD3;
				IBSC_MODULE = DireWalk_for_watchOS_Extension;
				INFOPLIST_FILE = "DireWalk for watchOS/Info.plist";
				PRODUCT_BUNDLE_IDENTIFIER = "com.masasam-shi.DireWalk.watchkitapp";
				PRODUCT_NAME = "DireWalk for watchOS";
				SDKROOT = watchos;
				SKIP_INSTALL = YES;
				SWIFT_VERSION = 5.0;
				TARGETED_DEVICE_FAMILY = 4;
				WATCHOS_DEPLOYMENT_TARGET = 6.1;
			};
			name = Release;
		};
		BA416258234C52A8006B5E5C /* Debug */ = {
			isa = XCBuildConfiguration;
			buildSettings = {
				ASSETCATALOG_COMPILER_COMPLICATION_NAME = Complication;
				CODE_SIGN_STYLE = Automatic;
				DEVELOPMENT_ASSET_PATHS = "\"DireWalk for watchOS Extension/Preview Content\"";
				DEVELOPMENT_TEAM = 7947K7LHD3;
				ENABLE_PREVIEWS = YES;
				INFOPLIST_FILE = "DireWalk for watchOS Extension/Info.plist";
				LD_RUNPATH_SEARCH_PATHS = (
					"$(inherited)",
					"@executable_path/Frameworks",
					"@executable_path/../../Frameworks",
				);
				PRODUCT_BUNDLE_IDENTIFIER = "com.masasam-shi.DireWalk.watchkitapp.watchkitextension";
				PRODUCT_NAME = "${TARGET_NAME}";
				SDKROOT = watchos;
				SKIP_INSTALL = YES;
				SWIFT_VERSION = 5.0;
				TARGETED_DEVICE_FAMILY = 4;
				WATCHOS_DEPLOYMENT_TARGET = 6.1;
			};
			name = Debug;
		};
		BA416259234C52A8006B5E5C /* Release */ = {
			isa = XCBuildConfiguration;
			buildSettings = {
				ASSETCATALOG_COMPILER_COMPLICATION_NAME = Complication;
				CODE_SIGN_STYLE = Automatic;
				DEVELOPMENT_ASSET_PATHS = "\"DireWalk for watchOS Extension/Preview Content\"";
				DEVELOPMENT_TEAM = 7947K7LHD3;
				ENABLE_PREVIEWS = YES;
				INFOPLIST_FILE = "DireWalk for watchOS Extension/Info.plist";
				LD_RUNPATH_SEARCH_PATHS = (
					"$(inherited)",
					"@executable_path/Frameworks",
					"@executable_path/../../Frameworks",
				);
				PRODUCT_BUNDLE_IDENTIFIER = "com.masasam-shi.DireWalk.watchkitapp.watchkitextension";
				PRODUCT_NAME = "${TARGET_NAME}";
				SDKROOT = watchos;
				SKIP_INSTALL = YES;
				SWIFT_VERSION = 5.0;
				TARGETED_DEVICE_FAMILY = 4;
				WATCHOS_DEPLOYMENT_TARGET = 6.1;
			};
			name = Release;
		};
		E6C437E9222386FA00542844 /* Debug */ = {
			isa = XCBuildConfiguration;
			buildSettings = {
				ALWAYS_SEARCH_USER_PATHS = NO;
				CLANG_ANALYZER_LOCALIZABILITY_NONLOCALIZED = YES;
				CLANG_ANALYZER_NONNULL = YES;
				CLANG_ANALYZER_NUMBER_OBJECT_CONVERSION = YES_AGGRESSIVE;
				CLANG_CXX_LANGUAGE_STANDARD = "gnu++14";
				CLANG_CXX_LIBRARY = "libc++";
				CLANG_ENABLE_MODULES = YES;
				CLANG_ENABLE_OBJC_ARC = YES;
				CLANG_ENABLE_OBJC_WEAK = YES;
				CLANG_WARN_BLOCK_CAPTURE_AUTORELEASING = YES;
				CLANG_WARN_BOOL_CONVERSION = YES;
				CLANG_WARN_COMMA = YES;
				CLANG_WARN_CONSTANT_CONVERSION = YES;
				CLANG_WARN_DEPRECATED_OBJC_IMPLEMENTATIONS = YES;
				CLANG_WARN_DIRECT_OBJC_ISA_USAGE = YES_ERROR;
				CLANG_WARN_DOCUMENTATION_COMMENTS = YES;
				CLANG_WARN_EMPTY_BODY = YES;
				CLANG_WARN_ENUM_CONVERSION = YES;
				CLANG_WARN_INFINITE_RECURSION = YES;
				CLANG_WARN_INT_CONVERSION = YES;
				CLANG_WARN_NON_LITERAL_NULL_CONVERSION = YES;
				CLANG_WARN_OBJC_IMPLICIT_RETAIN_SELF = YES;
				CLANG_WARN_OBJC_LITERAL_CONVERSION = YES;
				CLANG_WARN_OBJC_ROOT_CLASS = YES_ERROR;
				CLANG_WARN_RANGE_LOOP_ANALYSIS = YES;
				CLANG_WARN_STRICT_PROTOTYPES = YES;
				CLANG_WARN_SUSPICIOUS_MOVE = YES;
				CLANG_WARN_UNGUARDED_AVAILABILITY = YES_AGGRESSIVE;
				CLANG_WARN_UNREACHABLE_CODE = YES;
				CLANG_WARN__DUPLICATE_METHOD_MATCH = YES;
				CODE_SIGN_IDENTITY = "iPhone Developer";
				COPY_PHASE_STRIP = NO;
				DEBUG_INFORMATION_FORMAT = dwarf;
				ENABLE_STRICT_OBJC_MSGSEND = YES;
				ENABLE_TESTABILITY = YES;
				GCC_C_LANGUAGE_STANDARD = gnu11;
				GCC_DYNAMIC_NO_PIC = NO;
				GCC_NO_COMMON_BLOCKS = YES;
				GCC_OPTIMIZATION_LEVEL = 0;
				GCC_PREPROCESSOR_DEFINITIONS = (
					"DEBUG=1",
					"$(inherited)",
				);
				GCC_WARN_64_TO_32_BIT_CONVERSION = YES;
				GCC_WARN_ABOUT_RETURN_TYPE = YES_ERROR;
				GCC_WARN_UNDECLARED_SELECTOR = YES;
				GCC_WARN_UNINITIALIZED_AUTOS = YES_AGGRESSIVE;
				GCC_WARN_UNUSED_FUNCTION = YES;
				GCC_WARN_UNUSED_VARIABLE = YES;
				IPHONEOS_DEPLOYMENT_TARGET = 12.1;
				MTL_ENABLE_DEBUG_INFO = INCLUDE_SOURCE;
				MTL_FAST_MATH = YES;
				ONLY_ACTIVE_ARCH = YES;
				SDKROOT = iphoneos;
				SWIFT_ACTIVE_COMPILATION_CONDITIONS = DEBUG;
				SWIFT_OPTIMIZATION_LEVEL = "-Onone";
			};
			name = Debug;
		};
		E6C437EA222386FA00542844 /* Release */ = {
			isa = XCBuildConfiguration;
			buildSettings = {
				ALWAYS_SEARCH_USER_PATHS = NO;
				CLANG_ANALYZER_LOCALIZABILITY_NONLOCALIZED = YES;
				CLANG_ANALYZER_NONNULL = YES;
				CLANG_ANALYZER_NUMBER_OBJECT_CONVERSION = YES_AGGRESSIVE;
				CLANG_CXX_LANGUAGE_STANDARD = "gnu++14";
				CLANG_CXX_LIBRARY = "libc++";
				CLANG_ENABLE_MODULES = YES;
				CLANG_ENABLE_OBJC_ARC = YES;
				CLANG_ENABLE_OBJC_WEAK = YES;
				CLANG_WARN_BLOCK_CAPTURE_AUTORELEASING = YES;
				CLANG_WARN_BOOL_CONVERSION = YES;
				CLANG_WARN_COMMA = YES;
				CLANG_WARN_CONSTANT_CONVERSION = YES;
				CLANG_WARN_DEPRECATED_OBJC_IMPLEMENTATIONS = YES;
				CLANG_WARN_DIRECT_OBJC_ISA_USAGE = YES_ERROR;
				CLANG_WARN_DOCUMENTATION_COMMENTS = YES;
				CLANG_WARN_EMPTY_BODY = YES;
				CLANG_WARN_ENUM_CONVERSION = YES;
				CLANG_WARN_INFINITE_RECURSION = YES;
				CLANG_WARN_INT_CONVERSION = YES;
				CLANG_WARN_NON_LITERAL_NULL_CONVERSION = YES;
				CLANG_WARN_OBJC_IMPLICIT_RETAIN_SELF = YES;
				CLANG_WARN_OBJC_LITERAL_CONVERSION = YES;
				CLANG_WARN_OBJC_ROOT_CLASS = YES_ERROR;
				CLANG_WARN_RANGE_LOOP_ANALYSIS = YES;
				CLANG_WARN_STRICT_PROTOTYPES = YES;
				CLANG_WARN_SUSPICIOUS_MOVE = YES;
				CLANG_WARN_UNGUARDED_AVAILABILITY = YES_AGGRESSIVE;
				CLANG_WARN_UNREACHABLE_CODE = YES;
				CLANG_WARN__DUPLICATE_METHOD_MATCH = YES;
				CODE_SIGN_IDENTITY = "iPhone Developer";
				COPY_PHASE_STRIP = NO;
				DEBUG_INFORMATION_FORMAT = "dwarf-with-dsym";
				ENABLE_NS_ASSERTIONS = NO;
				ENABLE_STRICT_OBJC_MSGSEND = YES;
				GCC_C_LANGUAGE_STANDARD = gnu11;
				GCC_NO_COMMON_BLOCKS = YES;
				GCC_WARN_64_TO_32_BIT_CONVERSION = YES;
				GCC_WARN_ABOUT_RETURN_TYPE = YES_ERROR;
				GCC_WARN_UNDECLARED_SELECTOR = YES;
				GCC_WARN_UNINITIALIZED_AUTOS = YES_AGGRESSIVE;
				GCC_WARN_UNUSED_FUNCTION = YES;
				GCC_WARN_UNUSED_VARIABLE = YES;
				IPHONEOS_DEPLOYMENT_TARGET = 12.1;
				MTL_ENABLE_DEBUG_INFO = NO;
				MTL_FAST_MATH = YES;
				SDKROOT = iphoneos;
				SWIFT_COMPILATION_MODE = wholemodule;
				SWIFT_OPTIMIZATION_LEVEL = "-O";
				VALIDATE_PRODUCT = YES;
			};
			name = Release;
		};
		E6C437EC222386FA00542844 /* Debug */ = {
			isa = XCBuildConfiguration;
			baseConfigurationReference = 11900438587AFCB618FB10AC /* Pods-DireWalk.debug.xcconfig */;
			buildSettings = {
				ALWAYS_EMBED_SWIFT_STANDARD_LIBRARIES = YES;
				ASSETCATALOG_COMPILER_APPICON_NAME = AppIcon;
				CODE_SIGN_ENTITLEMENTS = DireWalk/DireWalk.entitlements;
				CODE_SIGN_STYLE = Automatic;
				CURRENT_PROJECT_VERSION = 1.1.6;
				DEVELOPMENT_TEAM = 7947K7LHD3;
				INFOPLIST_FILE = DireWalk/Info.plist;
				IPHONEOS_DEPLOYMENT_TARGET = 12.0;
				LD_RUNPATH_SEARCH_PATHS = (
					"$(inherited)",
					"@executable_path/Frameworks",
				);
				MARKETING_VERSION = 1.1;
				PRODUCT_BUNDLE_IDENTIFIER = "com.masasam-shi.DireWalk";
				PRODUCT_NAME = "$(TARGET_NAME)";
				SWIFT_VERSION = 5.0;
				TARGETED_DEVICE_FAMILY = 1;
			};
			name = Debug;
		};
		E6C437ED222386FA00542844 /* Release */ = {
			isa = XCBuildConfiguration;
			baseConfigurationReference = B70BF1FEBCD467FDAD7CAEE8 /* Pods-DireWalk.release.xcconfig */;
			buildSettings = {
				ALWAYS_EMBED_SWIFT_STANDARD_LIBRARIES = YES;
				ASSETCATALOG_COMPILER_APPICON_NAME = AppIcon;
				CODE_SIGN_ENTITLEMENTS = DireWalk/DireWalk.entitlements;
				CODE_SIGN_STYLE = Automatic;
				CURRENT_PROJECT_VERSION = 1.1.6;
				DEVELOPMENT_TEAM = 7947K7LHD3;
				INFOPLIST_FILE = DireWalk/Info.plist;
				IPHONEOS_DEPLOYMENT_TARGET = 12.0;
				LD_RUNPATH_SEARCH_PATHS = (
					"$(inherited)",
					"@executable_path/Frameworks",
				);
				MARKETING_VERSION = 1.1;
				PRODUCT_BUNDLE_IDENTIFIER = "com.masasam-shi.DireWalk";
				PRODUCT_NAME = "$(TARGET_NAME)";
				SWIFT_VERSION = 5.0;
				TARGETED_DEVICE_FAMILY = 1;
			};
			name = Release;
		};
		E6C437EF222386FA00542844 /* Debug */ = {
			isa = XCBuildConfiguration;
			baseConfigurationReference = 1FE94CE3DA4BE688A5312CD3 /* Pods-DireWalkTests.debug.xcconfig */;
			buildSettings = {
				ALWAYS_EMBED_SWIFT_STANDARD_LIBRARIES = YES;
				BUNDLE_LOADER = "$(TEST_HOST)";
				CODE_SIGN_STYLE = Automatic;
				DEVELOPMENT_TEAM = 7947K7LHD3;
				INFOPLIST_FILE = DireWalkTests/Info.plist;
				LD_RUNPATH_SEARCH_PATHS = (
					"$(inherited)",
					"@executable_path/Frameworks",
					"@loader_path/Frameworks",
				);
				PRODUCT_BUNDLE_IDENTIFIER = com.litech.DireWalkTests;
				PRODUCT_NAME = "$(TARGET_NAME)";
				SWIFT_VERSION = 5.0;
				TARGETED_DEVICE_FAMILY = "1,2";
				TEST_HOST = "$(BUILT_PRODUCTS_DIR)/DireWalk.app/DireWalk";
			};
			name = Debug;
		};
		E6C437F0222386FA00542844 /* Release */ = {
			isa = XCBuildConfiguration;
			baseConfigurationReference = 9C25B50BC868A003B4F96F1E /* Pods-DireWalkTests.release.xcconfig */;
			buildSettings = {
				ALWAYS_EMBED_SWIFT_STANDARD_LIBRARIES = YES;
				BUNDLE_LOADER = "$(TEST_HOST)";
				CODE_SIGN_STYLE = Automatic;
				DEVELOPMENT_TEAM = 7947K7LHD3;
				INFOPLIST_FILE = DireWalkTests/Info.plist;
				LD_RUNPATH_SEARCH_PATHS = (
					"$(inherited)",
					"@executable_path/Frameworks",
					"@loader_path/Frameworks",
				);
				PRODUCT_BUNDLE_IDENTIFIER = com.litech.DireWalkTests;
				PRODUCT_NAME = "$(TARGET_NAME)";
				SWIFT_VERSION = 5.0;
				TARGETED_DEVICE_FAMILY = "1,2";
				TEST_HOST = "$(BUILT_PRODUCTS_DIR)/DireWalk.app/DireWalk";
			};
			name = Release;
		};
		E6C437F2222386FA00542844 /* Debug */ = {
			isa = XCBuildConfiguration;
			baseConfigurationReference = E62F7574A2A73FEA89837089 /* Pods-DireWalkUITests.debug.xcconfig */;
			buildSettings = {
				ALWAYS_EMBED_SWIFT_STANDARD_LIBRARIES = YES;
				CODE_SIGN_STYLE = Automatic;
				DEVELOPMENT_TEAM = 7947K7LHD3;
				INFOPLIST_FILE = DireWalkUITests/Info.plist;
				LD_RUNPATH_SEARCH_PATHS = (
					"$(inherited)",
					"@executable_path/Frameworks",
					"@loader_path/Frameworks",
				);
				PRODUCT_BUNDLE_IDENTIFIER = com.litech.DireWalkUITests;
				PRODUCT_NAME = "$(TARGET_NAME)";
				PROVISIONING_PROFILE = "";
				SWIFT_VERSION = 5.0;
				TARGETED_DEVICE_FAMILY = "1,2";
				TEST_TARGET_NAME = DireWalk;
			};
			name = Debug;
		};
		E6C437F3222386FA00542844 /* Release */ = {
			isa = XCBuildConfiguration;
			baseConfigurationReference = 7372F7D2370C50844CB32966 /* Pods-DireWalkUITests.release.xcconfig */;
			buildSettings = {
				ALWAYS_EMBED_SWIFT_STANDARD_LIBRARIES = YES;
				CODE_SIGN_STYLE = Automatic;
				DEVELOPMENT_TEAM = 7947K7LHD3;
				INFOPLIST_FILE = DireWalkUITests/Info.plist;
				LD_RUNPATH_SEARCH_PATHS = (
					"$(inherited)",
					"@executable_path/Frameworks",
					"@loader_path/Frameworks",
				);
				PRODUCT_BUNDLE_IDENTIFIER = com.litech.DireWalkUITests;
				PRODUCT_NAME = "$(TARGET_NAME)";
				PROVISIONING_PROFILE = "";
				SWIFT_VERSION = 5.0;
				TARGETED_DEVICE_FAMILY = "1,2";
				TEST_TARGET_NAME = DireWalk;
			};
			name = Release;
		};
/* End XCBuildConfiguration section */

/* Begin XCConfigurationList section */
		BA41625A234C52A8006B5E5C /* Build configuration list for PBXNativeTarget "DireWalk for watchOS Extension" */ = {
			isa = XCConfigurationList;
			buildConfigurations = (
				BA416258234C52A8006B5E5C /* Debug */,
				BA416259234C52A8006B5E5C /* Release */,
			);
			defaultConfigurationIsVisible = 0;
			defaultConfigurationName = Release;
		};
		BA41625B234C52A8006B5E5C /* Build configuration list for PBXNativeTarget "DireWalk for watchOS" */ = {
			isa = XCConfigurationList;
			buildConfigurations = (
				BA416255234C52A8006B5E5C /* Debug */,
				BA416256234C52A8006B5E5C /* Release */,
			);
			defaultConfigurationIsVisible = 0;
			defaultConfigurationName = Release;
		};
		E6C437BE222386F800542844 /* Build configuration list for PBXProject "DireWalk" */ = {
			isa = XCConfigurationList;
			buildConfigurations = (
				E6C437E9222386FA00542844 /* Debug */,
				E6C437EA222386FA00542844 /* Release */,
			);
			defaultConfigurationIsVisible = 0;
			defaultConfigurationName = Release;
		};
		E6C437EB222386FA00542844 /* Build configuration list for PBXNativeTarget "DireWalk" */ = {
			isa = XCConfigurationList;
			buildConfigurations = (
				E6C437EC222386FA00542844 /* Debug */,
				E6C437ED222386FA00542844 /* Release */,
			);
			defaultConfigurationIsVisible = 0;
			defaultConfigurationName = Release;
		};
		E6C437EE222386FA00542844 /* Build configuration list for PBXNativeTarget "DireWalkTests" */ = {
			isa = XCConfigurationList;
			buildConfigurations = (
				E6C437EF222386FA00542844 /* Debug */,
				E6C437F0222386FA00542844 /* Release */,
			);
			defaultConfigurationIsVisible = 0;
			defaultConfigurationName = Release;
		};
		E6C437F1222386FA00542844 /* Build configuration list for PBXNativeTarget "DireWalkUITests" */ = {
			isa = XCConfigurationList;
			buildConfigurations = (
				E6C437F2222386FA00542844 /* Debug */,
				E6C437F3222386FA00542844 /* Release */,
			);
			defaultConfigurationIsVisible = 0;
			defaultConfigurationName = Release;
		};
/* End XCConfigurationList section */
	};
	rootObject = E6C437BB222386F800542844 /* Project object */;
}
